PODS:
  - Alamofire (5.0.0-rc.3)
  - Crashlytics (3.13.4):
    - Fabric (~> 1.10.2)
  - Empty (0.1.0)
  - Fabric (1.10.2)
  - Firebase/Analytics (6.5.0):
    - Firebase/Core
  - Firebase/Core (6.5.0):
    - Firebase/CoreOnly
    - FirebaseAnalytics (= 6.0.4)
  - Firebase/CoreOnly (6.5.0):
    - FirebaseCore (= 6.1.0)
  - Firebase/DynamicLinks (6.5.0):
    - Firebase/CoreOnly
    - FirebaseDynamicLinks (~> 4.0.1)
  - Firebase/Messaging (6.5.0):
    - Firebase/CoreOnly
    - FirebaseMessaging (~> 4.1.1)
  - Firebase/Performance (6.5.0):
    - Firebase/CoreOnly
    - FirebasePerformance (~> 3.1.1)
  - Firebase/RemoteConfig (6.5.0):
    - Firebase/CoreOnly
    - FirebaseRemoteConfig (~> 4.2.1)
  - FirebaseABTesting (3.0.0):
    - FirebaseCore (~> 6.0)
    - Protobuf (~> 3.5)
  - FirebaseAnalytics (6.0.4):
    - FirebaseCore (~> 6.1)
    - FirebaseInstanceID (~> 4.2)
    - GoogleAppMeasurement (= 6.0.4)
    - GoogleUtilities/AppDelegateSwizzler (~> 6.0)
    - GoogleUtilities/MethodSwizzler (~> 6.0)
    - GoogleUtilities/Network (~> 6.0)
    - "GoogleUtilities/NSData+zlib (~> 6.0)"
    - nanopb (~> 0.3)
  - FirebaseAnalyticsInterop (1.2.0)
  - FirebaseCore (6.1.0):
    - GoogleUtilities/Environment (~> 6.0)
    - GoogleUtilities/Logger (~> 6.0)
  - FirebaseDynamicLinks (4.0.1):
    - FirebaseAnalyticsInterop (~> 1.0)
    - FirebaseCore (~> 6.0)
  - FirebaseInstanceID (4.2.2):
    - FirebaseCore (~> 6.0)
    - GoogleUtilities/Environment (~> 6.0)
    - GoogleUtilities/UserDefaults (~> 6.0)
  - FirebaseMessaging (4.1.1):
    - FirebaseAnalyticsInterop (~> 1.1)
    - FirebaseCore (~> 6.0)
    - FirebaseInstanceID (~> 4.1)
    - GoogleUtilities/AppDelegateSwizzler (~> 6.2)
    - GoogleUtilities/Environment (~> 6.2)
    - GoogleUtilities/Reachability (~> 6.2)
    - GoogleUtilities/UserDefaults (~> 6.2)
    - Protobuf (~> 3.1)
  - FirebasePerformance (3.1.1):
    - FirebaseCore (~> 6.0)
    - FirebaseInstanceID (~> 4.2)
    - FirebaseRemoteConfig (~> 4.2)
    - GoogleToolboxForMac/Logger (~> 2.1)
    - "GoogleToolboxForMac/NSData+zlib (~> 2.1)"
    - GoogleUtilities/Environment (~> 6.0)
    - GoogleUtilities/ISASwizzler (~> 6.0)
    - GoogleUtilities/MethodSwizzler (~> 6.0)
    - GTMSessionFetcher/Core (~> 1.1)
    - Protobuf (~> 3.5)
  - FirebaseRemoteConfig (4.2.1):
    - FirebaseABTesting (~> 3.0)
    - FirebaseCore (~> 6.1)
    - FirebaseInstanceID (~> 4.2)
    - GoogleUtilities/Environment (~> 6.0)
    - "GoogleUtilities/NSData+zlib (~> 6.0)"
    - Protobuf (~> 3.5)
  - GoogleAppMeasurement (6.0.4):
    - GoogleUtilities/AppDelegateSwizzler (~> 6.0)
    - GoogleUtilities/MethodSwizzler (~> 6.0)
    - GoogleUtilities/Network (~> 6.0)
    - "GoogleUtilities/NSData+zlib (~> 6.0)"
    - nanopb (~> 0.3)
  - GoogleToolboxForMac/Defines (2.2.1)
  - GoogleToolboxForMac/Logger (2.2.1):
    - GoogleToolboxForMac/Defines (= 2.2.1)
  - "GoogleToolboxForMac/NSData+zlib (2.2.1)":
    - GoogleToolboxForMac/Defines (= 2.2.1)
  - GoogleUtilities/AppDelegateSwizzler (6.2.3):
    - GoogleUtilities/Environment
    - GoogleUtilities/Logger
    - GoogleUtilities/Network
  - GoogleUtilities/Environment (6.2.3)
  - GoogleUtilities/ISASwizzler (6.2.3)
  - GoogleUtilities/Logger (6.2.3):
    - GoogleUtilities/Environment
  - GoogleUtilities/MethodSwizzler (6.2.3):
    - GoogleUtilities/Logger
  - GoogleUtilities/Network (6.2.3):
    - GoogleUtilities/Logger
    - "GoogleUtilities/NSData+zlib"
    - GoogleUtilities/Reachability
  - "GoogleUtilities/NSData+zlib (6.2.3)"
  - GoogleUtilities/Reachability (6.2.3):
    - GoogleUtilities/Logger
  - GoogleUtilities/UserDefaults (6.2.3):
    - GoogleUtilities/Logger
  - GTMSessionFetcher/Core (1.2.2)
  - IQKeyboardManagerSwift (6.4.0)
  - KeychainAccess (3.2.0)
  - Kingfisher (5.7.0)
  - Moya/Core (14.0.0-beta.6):
    - Alamofire (= 5.0.0-rc.3)
  - Moya/RxSwift (14.0.0-beta.6):
    - Moya/Core
    - RxSwift (~> 5.0)
  - nanopb (0.3.901):
    - nanopb/decode (= 0.3.901)
    - nanopb/encode (= 0.3.901)
  - nanopb/decode (0.3.901)
  - nanopb/encode (0.3.901)
  - PleaseHold (0.2.0)
  - Protobuf (3.9.0)
  - Require (2.0.0)
  - RxCocoa (5.0.0):
    - RxRelay (~> 5)
    - RxSwift (~> 5)
  - RxCoreData (1.0.0):
    - RxCocoa (~> 5.0)
    - RxSwift (~> 5.0)
  - RxRelay (5.0.0):
    - RxSwift (~> 5)
  - RxSwift (5.0.0)
  - SnapKit (5.0.0)
  - Sourcery (0.17.0)
  - Swapper (0.1.1)
  - SwiftFormat/CLI (0.40.10)
  - SwiftLint (0.34.0)
  - Swinject (2.6.2)
  - Teller (0.4.0-alpha):
    - RxSwift (~> 5.0)
  - Wendy (0.2.0-alpha):
    - Require (~> 2.0.0)

DEPENDENCIES:
  - Crashlytics (~> 3.13.4)
  - Empty (~> 0.1)
  - Fabric (~> 1.10.2)
  - Firebase/Analytics
  - Firebase/DynamicLinks
  - Firebase/Messaging
  - Firebase/Performance
  - Firebase/RemoteConfig
  - IQKeyboardManagerSwift (~> 6.4.0)
  - KeychainAccess (~> 3.2.0)
  - Kingfisher (~> 5.7.0)
  - Moya/RxSwift (~> 14.0.0-beta.6)
  - PleaseHold (~> 0.2)
  - RxCocoa (~> 5.0.0)
  - RxCoreData (~> 1.0.0)
  - SnapKit (~> 5.0.0)
  - Sourcery
  - Swapper (~> 0.1)
  - SwiftFormat/CLI
  - SwiftLint
  - Swinject (~> 2.6.2)
  - Teller (~> 0.4.0-alpha)
  - Wendy (~> 0.2.0-alpha)

SPEC REPOS:
  trunk:
    - Alamofire
    - Crashlytics
    - Empty
    - Fabric
    - Firebase
    - FirebaseABTesting
    - FirebaseAnalytics
    - FirebaseAnalyticsInterop
    - FirebaseCore
    - FirebaseDynamicLinks
    - FirebaseInstanceID
    - FirebaseMessaging
    - FirebasePerformance
    - FirebaseRemoteConfig
    - GoogleAppMeasurement
    - GoogleToolboxForMac
    - GoogleUtilities
    - GTMSessionFetcher
    - IQKeyboardManagerSwift
    - KeychainAccess
    - Kingfisher
    - Moya
    - nanopb
    - PleaseHold
    - Protobuf
    - Require
    - RxCocoa
    - RxCoreData
    - RxRelay
    - RxSwift
    - SnapKit
    - Sourcery
    - Swapper
    - SwiftFormat
    - SwiftLint
    - Swinject
    - Teller
    - Wendy

SPEC CHECKSUMS:
  Alamofire: ca8c0de6906873be89d6deec5c8de279e00bf872
  Crashlytics: 2dfd686bcb918dc10ee0e76f7f853fe42c7bd552
  Empty: cfb51c56de3ac8222df8d7bdc341b235395e42c2
  Fabric: 706c8b8098fff96c33c0db69cbf81f9c551d0d74
  Firebase: dedc9e48ea3f3649ad5f6b982f8a0c73508a14b5
  FirebaseABTesting: a32c488eb75089a61eb3d86db061dfb909d765db
  FirebaseAnalytics: 3fb375bc9d13779add4039716f868d233a473fad
  FirebaseAnalyticsInterop: efbe45c8385ec626e29f9525e5ebd38520dfb6c1
  FirebaseCore: aecf02fb2274ec361b9bebeac112f5daa18273bd
  FirebaseDynamicLinks: 2ba929800a256ecbf6ee28b2af9d73edf46e8914
  FirebaseInstanceID: 662b8108a09fe9ed01aafdedba100fde8536b0f6
  FirebaseMessaging: 6bb0bdaf64c55fef7a219b7bb1e94e94a0855ced
  FirebasePerformance: bd3666700af4d43caf2a13b93718f3b532b8a5ff
  FirebaseRemoteConfig: ed74d16d7e5b19e77a4c3e3eee4fe363039b0834
  GoogleAppMeasurement: 183bd916af7f80deb67c01888368f1108d641832
  GoogleToolboxForMac: b3553629623a3b1bff17f555e736cd5a6d95ad55
  GoogleUtilities: d2b0e277a95962e09bb27f5cd42f5f0b6a506c7d
  GTMSessionFetcher: 61bb0f61a4cb560030f1222021178008a5727a23
  IQKeyboardManagerSwift: ed9b04ee0e3067ffba543283462d619f944b05e5
  KeychainAccess: 3b1bf8a77eb4c6ea1ce9404c292e48f948954c6b
  Kingfisher: c7d211b54f1f30d8060aadab177d52b4349c825b
  Moya: d4821fbcb3e784f34d2f82869e6855057a0b85d1
  nanopb: 2901f78ea1b7b4015c860c2fdd1ea2fee1a18d48
  PleaseHold: 022c1191ee68720b2c36550355c48aa5c6356c08
  Protobuf: 1097ca58584c8d9be81bfbf2c5ff5975648dd87a
  Require: f93abc18dda985f665465cf027cea7166455fb28
  RxCocoa: fcf32050ac00d801f34a7f71d5e8e7f23026dcd8
  RxCoreData: 1ed5f83e80facccc90fc054eb7f39a44177de56a
  RxRelay: 4f7409406a51a55cd88483f21ed898c234d60f18
  RxSwift: 8b0671caa829a763bbce7271095859121cbd895f
  SnapKit: fd22d10eb9aff484d79a8724eab922c1ddf89bcf
  Sourcery: 3ed61be7c8a1218fce349266139379dba477efe0
  Swapper: 8c7ff04022f2415bdd46cc0ef9da9ce6eb40f12d
  SwiftFormat: d0e2118da5bfccc0158f0b8eff80c476c5acd984
  SwiftLint: 79d48a17c6565dc286c37efb8322c7b450f95c67
  Swinject: cf7458774b1b00323080a9c67e47a1ee7f9d2af1
  Teller: 0c82e954716b83b1cb267517c95c75cbc7c7c29d
  Wendy: bb3c22635b248dde4a0044785faf43db6fc839ce

PODFILE CHECKSUM: 723772392581d62f6202cf243df9731decf32b32

COCOAPODS: 1.8.4
