PODS:
  - Alamofire (4.8.2)
  - Crashlytics (3.13.4):
    - Fabric (~> 1.10.2)
  - DZNEmptyDataSet (1.8.1)
  - Fabric (1.10.2)
  - Firebase/Analytics (6.4.0):
    - Firebase/Core
  - Firebase/Core (6.4.0):
    - Firebase/CoreOnly
    - FirebaseAnalytics (= 6.0.3)
  - Firebase/CoreOnly (6.4.0):
    - FirebaseCore (= 6.0.4)
  - Firebase/DynamicLinks (6.4.0):
    - Firebase/CoreOnly
    - FirebaseDynamicLinks (~> 4.0.0)
  - Firebase/Messaging (6.4.0):
    - Firebase/CoreOnly
    - FirebaseMessaging (~> 4.1.1)
  - Firebase/Performance (6.4.0):
    - Firebase/CoreOnly
    - FirebasePerformance (~> 3.1.1)
  - Firebase/RemoteConfig (6.4.0):
    - Firebase/CoreOnly
    - FirebaseRemoteConfig (~> 4.2.0)
  - FirebaseABTesting (3.0.0):
    - FirebaseCore (~> 6.0)
    - Protobuf (~> 3.5)
  - FirebaseAnalytics (6.0.3):
    - FirebaseCore (~> 6.0)
    - FirebaseInstanceID (~> 4.2)
    - GoogleAppMeasurement (= 6.0.3)
    - GoogleUtilities/AppDelegateSwizzler (~> 6.0)
    - GoogleUtilities/MethodSwizzler (~> 6.0)
    - GoogleUtilities/Network (~> 6.0)
    - "GoogleUtilities/NSData+zlib (~> 6.0)"
    - nanopb (~> 0.3)
  - FirebaseAnalyticsInterop (1.2.0)
  - FirebaseCore (6.0.4):
    - GoogleUtilities/Environment (~> 6.0)
    - GoogleUtilities/Logger (~> 6.0)
  - FirebaseDynamicLinks (4.0.0):
    - FirebaseAnalyticsInterop (~> 1.0)
    - FirebaseCore (~> 6.0)
  - FirebaseInstanceID (4.2.1):
    - FirebaseCore (~> 6.0)
    - GoogleUtilities/Environment (~> 6.0)
    - GoogleUtilities/UserDefaults (~> 6.0)
  - FirebaseMessaging (4.1.1):
    - FirebaseAnalyticsInterop (~> 1.1)
    - FirebaseCore (~> 6.0)
    - FirebaseInstanceID (~> 4.1)
    - GoogleUtilities/AppDelegateSwizzler (~> 6.2)
    - GoogleUtilities/Environment (~> 6.2)
    - GoogleUtilities/Reachability (~> 6.2)
    - GoogleUtilities/UserDefaults (~> 6.2)
    - Protobuf (~> 3.1)
  - FirebasePerformance (3.1.1):
    - FirebaseCore (~> 6.0)
    - FirebaseInstanceID (~> 4.2)
    - FirebaseRemoteConfig (~> 4.2)
    - GoogleToolboxForMac/Logger (~> 2.1)
    - "GoogleToolboxForMac/NSData+zlib (~> 2.1)"
    - GoogleUtilities/Environment (~> 6.0)
    - GoogleUtilities/ISASwizzler (~> 6.0)
    - GoogleUtilities/MethodSwizzler (~> 6.0)
    - GTMSessionFetcher/Core (~> 1.1)
    - Protobuf (~> 3.5)
  - FirebaseRemoteConfig (4.2.0):
    - FirebaseABTesting (~> 3.0)
    - FirebaseCore (~> 6.0)
    - FirebaseInstanceID (~> 4.2)
    - GoogleUtilities/Environment (~> 6.0)
    - "GoogleUtilities/NSData+zlib (~> 6.0)"
    - Protobuf (~> 3.5)
  - GoogleAppMeasurement (6.0.3):
    - GoogleUtilities/AppDelegateSwizzler (~> 6.0)
    - GoogleUtilities/MethodSwizzler (~> 6.0)
    - GoogleUtilities/Network (~> 6.0)
    - "GoogleUtilities/NSData+zlib (~> 6.0)"
    - nanopb (~> 0.3)
  - GoogleToolboxForMac/Defines (2.2.1)
  - GoogleToolboxForMac/Logger (2.2.1):
    - GoogleToolboxForMac/Defines (= 2.2.1)
  - "GoogleToolboxForMac/NSData+zlib (2.2.1)":
    - GoogleToolboxForMac/Defines (= 2.2.1)
  - GoogleUtilities/AppDelegateSwizzler (6.2.3):
    - GoogleUtilities/Environment
    - GoogleUtilities/Logger
    - GoogleUtilities/Network
  - GoogleUtilities/Environment (6.2.3)
  - GoogleUtilities/ISASwizzler (6.2.3)
  - GoogleUtilities/Logger (6.2.3):
    - GoogleUtilities/Environment
  - GoogleUtilities/MethodSwizzler (6.2.3):
    - GoogleUtilities/Logger
  - GoogleUtilities/Network (6.2.3):
    - GoogleUtilities/Logger
    - "GoogleUtilities/NSData+zlib"
    - GoogleUtilities/Reachability
  - "GoogleUtilities/NSData+zlib (6.2.3)"
  - GoogleUtilities/Reachability (6.2.3):
    - GoogleUtilities/Logger
  - GoogleUtilities/UserDefaults (6.2.3):
    - GoogleUtilities/Logger
  - GTMSessionFetcher/Core (1.2.2)
  - IQKeyboardManagerSwift (6.4.0)
  - KeychainAccess (3.2.0)
  - Kingfisher (5.7.0)
  - Moya/Core (14.0.0-alpha.1):
    - Alamofire (~> 4.1)
    - Result (~> 4.1)
  - Moya/RxSwift (14.0.0-alpha.1):
    - Moya/Core
    - RxSwift (~> 5.0)
  - nanopb (0.3.901):
    - nanopb/decode (= 0.3.901)
    - nanopb/encode (= 0.3.901)
  - nanopb/decode (0.3.901)
  - nanopb/encode (0.3.901)
  - Protobuf (3.9.0)
  - Realm (3.17.1):
    - Realm/Headers (= 3.17.1)
  - Realm/Headers (3.17.1)
  - RealmSwift (3.17.1):
    - Realm (= 3.17.1)
  - Require (2.0.0)
  - Result (4.1.0)
  - RxCocoa (5.0.0):
    - RxRelay (~> 5)
    - RxSwift (~> 5)
  - RxRealm (1.0.0):
    - RealmSwift (~> 3.14)
    - RxSwift (~> 5.0)
  - RxRelay (5.0.0):
    - RxSwift (~> 5)
  - RxSwift (5.0.0)
  - SnapKit (5.0.0)
  - SwiftLint (0.33.1)
  - SwiftOverlays (5.0.1)
  - Swinject (2.6.2)
  - Teller (0.3.0-alpha):
    - RxSwift (~> 5.0)
  - Wendy (0.1.0-alpha):
    - Require (~> 2.0.0)

DEPENDENCIES:
  - Crashlytics (~> 3.13.4)
  - DZNEmptyDataSet (~> 1.8.1)
  - Fabric (~> 1.10.2)
  - Firebase/Analytics
  - Firebase/DynamicLinks
  - Firebase/Messaging
  - Firebase/Performance
  - Firebase/RemoteConfig
  - IQKeyboardManagerSwift (~> 6.4.0)
  - KeychainAccess (~> 3.2.0)
  - Kingfisher (~> 5.7.0)
  - Moya/RxSwift (~> 14.0.0-alpha.1)
  - RealmSwift (~> 3.17.0)
  - RxCocoa (~> 5.0.0)
  - RxRealm (~> 1.0.0)
  - SnapKit (~> 5.0.0)
  - SwiftLint
  - SwiftOverlays (~> 5.0.1)
  - Swinject (~> 2.6.2)
  - Teller (from `https://github.com/levibostian/Teller-iOS`, branch `master`)
  - Wendy (~> 0.1.0-alpha)

SPEC REPOS:
  https://github.com/cocoapods/specs.git:
    - Alamofire
    - Crashlytics
    - DZNEmptyDataSet
    - Fabric
    - Firebase
    - FirebaseABTesting
    - FirebaseAnalytics
    - FirebaseAnalyticsInterop
    - FirebaseCore
    - FirebaseDynamicLinks
    - FirebaseInstanceID
    - FirebaseMessaging
    - FirebasePerformance
    - FirebaseRemoteConfig
    - GoogleAppMeasurement
    - GoogleToolboxForMac
    - GoogleUtilities
    - GTMSessionFetcher
    - IQKeyboardManagerSwift
    - KeychainAccess
    - Kingfisher
    - Moya
    - nanopb
    - Protobuf
    - Realm
    - RealmSwift
    - Require
    - Result
    - RxCocoa
    - RxRealm
    - RxRelay
    - RxSwift
    - SnapKit
    - SwiftLint
    - SwiftOverlays
    - Swinject
    - Wendy

EXTERNAL SOURCES:
  Teller:
    :branch: master
    :git: https://github.com/levibostian/Teller-iOS

CHECKOUT OPTIONS:
  Teller:
    :commit: 6cca6872edcd998732aa3557775195fcf01da598
    :git: https://github.com/levibostian/Teller-iOS

SPEC CHECKSUMS:
  Alamofire: ae5c501addb7afdbb13687d7f2f722c78734c2d3
  Crashlytics: 2dfd686bcb918dc10ee0e76f7f853fe42c7bd552
  DZNEmptyDataSet: 9525833b9e68ac21c30253e1d3d7076cc828eaa7
  Fabric: 706c8b8098fff96c33c0db69cbf81f9c551d0d74
  Firebase: 9445469655a98e9010737f4bc4720e5bda465873
  FirebaseABTesting: a32c488eb75089a61eb3d86db061dfb909d765db
  FirebaseAnalytics: 69fe25866d2ec87c6f02d72c3c9a82bce9c065a0
  FirebaseAnalyticsInterop: efbe45c8385ec626e29f9525e5ebd38520dfb6c1
  FirebaseCore: 7ea99e200f0024262650be56623fbe6a7bef1707
  FirebaseDynamicLinks: 25fc45fdf2557ee2ee630999c301245d8911792e
  FirebaseInstanceID: 9782fcfb89e4d7da76cc28eac4b8543dc7be4a4b
  FirebaseMessaging: 6bb0bdaf64c55fef7a219b7bb1e94e94a0855ced
  FirebasePerformance: bd3666700af4d43caf2a13b93718f3b532b8a5ff
  FirebaseRemoteConfig: 7f6a0899f51953999667cb34a13b2e479c17d840
  GoogleAppMeasurement: 1e45fa601e6280c180880d57010390f6679cd971
  GoogleToolboxForMac: b3553629623a3b1bff17f555e736cd5a6d95ad55
  GoogleUtilities: d2b0e277a95962e09bb27f5cd42f5f0b6a506c7d
  GTMSessionFetcher: 61bb0f61a4cb560030f1222021178008a5727a23
  IQKeyboardManagerSwift: ed9b04ee0e3067ffba543283462d619f944b05e5
  KeychainAccess: 3b1bf8a77eb4c6ea1ce9404c292e48f948954c6b
  Kingfisher: c7d211b54f1f30d8060aadab177d52b4349c825b
  Moya: 65485239114b3b327a17dc2e839f6c8b7143aae9
  nanopb: 2901f78ea1b7b4015c860c2fdd1ea2fee1a18d48
  Protobuf: 1097ca58584c8d9be81bfbf2c5ff5975648dd87a
  Realm: c204f1a890f07dea43b14132a6aad118c054b8f2
  RealmSwift: 4d3c9233544b9cd08a8913e0872b9038eb99b054
  Require: f93abc18dda985f665465cf027cea7166455fb28
  Result: bd966fac789cc6c1563440b348ab2598cc24d5c7
  RxCocoa: fcf32050ac00d801f34a7f71d5e8e7f23026dcd8
  RxRealm: 1e81dcfca1fb50c3e9b3e1f8102bc875c5156a2e
  RxRelay: 4f7409406a51a55cd88483f21ed898c234d60f18
  RxSwift: 8b0671caa829a763bbce7271095859121cbd895f
  SnapKit: fd22d10eb9aff484d79a8724eab922c1ddf89bcf
  SwiftLint: 9fc1143bbacec37f94994a7d0d2a85b2154b6294
  SwiftOverlays: ab459ea9194b0e96aaccaa00e9ead1bf6d46eef1
  Swinject: cf7458774b1b00323080a9c67e47a1ee7f9d2af1
  Teller: a7f72a0766524acf09b0513f42d1556bd7fdf19a
  Wendy: 416b195f26f158784235072d24baf8a6e32cfbf3

PODFILE CHECKSUM: a7b6d165acca1141482d9d290f881d0dd99d1a24

COCOAPODS: 1.7.4
