// !$*UTF8*$!
{
	archiveVersion = 1;
	classes = {
	};
	objectVersion = 46;
	objects = {

/* Begin PBXBuildFile section */
		24DE5BDB67601E9816EA8BA3 /* Pods_iOSBlankyTests.framework in Frameworks */ = {isa = PBXBuildFile; fileRef = 9B9D92758990D338848451C6 /* Pods_iOSBlankyTests.framework */; };
		41CFE39E9D54876C79774913 /* Pods_iOSBlankyUITests.framework in Frameworks */ = {isa = PBXBuildFile; fileRef = 6D2E732374E5503E88E49521 /* Pods_iOSBlankyUITests.framework */; };
		672692D4097317A7D5DA0CD7 /* Pods_iOSBlanky.framework in Frameworks */ = {isa = PBXBuildFile; fileRef = F88AFB7245B5486D980BEBDF /* Pods_iOSBlanky.framework */; };
		F7338AB01CD975E8009BBC0A /* GitHubAPI.swift in Sources */ = {isa = PBXBuildFile; fileRef = F7338AAF1CD975E8009BBC0A /* GitHubAPI.swift */; };
		F7338AB51CD978D1009BBC0A /* RepoModel.swift in Sources */ = {isa = PBXBuildFile; fileRef = F7338AB41CD978D1009BBC0A /* RepoModel.swift */; };
		F7338ABB1CDA7BC8009BBC0A /* GitHubController.swift in Sources */ = {isa = PBXBuildFile; fileRef = F7338ABA1CDA7BC8009BBC0A /* GitHubController.swift */; };
		F7338ABD1CDA849B009BBC0A /* BaseController.swift in Sources */ = {isa = PBXBuildFile; fileRef = F7338ABC1CDA849B009BBC0A /* BaseController.swift */; };
		F75230391CD90B5D00DCAAC4 /* Kamagari.framework in Frameworks */ = {isa = PBXBuildFile; fileRef = F75230371CD90B5D00DCAAC4 /* Kamagari.framework */; };
		F752303A1CD90B5D00DCAAC4 /* SwiftOverlays.framework in Frameworks */ = {isa = PBXBuildFile; fileRef = F75230381CD90B5D00DCAAC4 /* SwiftOverlays.framework */; };
		F75DCD831CD8F10D00B8941F /* AppDelegate.swift in Sources */ = {isa = PBXBuildFile; fileRef = F75DCD821CD8F10D00B8941F /* AppDelegate.swift */; };
		F75DCD881CD8F10D00B8941F /* Main.storyboard in Resources */ = {isa = PBXBuildFile; fileRef = F75DCD861CD8F10D00B8941F /* Main.storyboard */; };
		F75DCD8A1CD8F10D00B8941F /* Assets.xcassets in Resources */ = {isa = PBXBuildFile; fileRef = F75DCD891CD8F10D00B8941F /* Assets.xcassets */; };
		F75DCD8D1CD8F10D00B8941F /* LaunchScreen.storyboard in Resources */ = {isa = PBXBuildFile; fileRef = F75DCD8B1CD8F10D00B8941F /* LaunchScreen.storyboard */; };
		F75DCD981CD8F10D00B8941F /* iOSBlankyTests.swift in Sources */ = {isa = PBXBuildFile; fileRef = F75DCD971CD8F10D00B8941F /* iOSBlankyTests.swift */; };
		F75DCDA31CD8F10D00B8941F /* iOSBlankyUITests.swift in Sources */ = {isa = PBXBuildFile; fileRef = F75DCDA21CD8F10D00B8941F /* iOSBlankyUITests.swift */; };
		F7A4045A1CD9031A00A4D228 /* Alamofire.framework in Frameworks */ = {isa = PBXBuildFile; fileRef = F7A404511CD9031900A4D228 /* Alamofire.framework */; };
		F7A4045B1CD9031A00A4D228 /* AlamofireNetworkActivityIndicator.framework in Frameworks */ = {isa = PBXBuildFile; fileRef = F7A404521CD9031900A4D228 /* AlamofireNetworkActivityIndicator.framework */; };
		F7A4045E1CD9031A00A4D228 /* Kingfisher.framework in Frameworks */ = {isa = PBXBuildFile; fileRef = F7A404551CD9031900A4D228 /* Kingfisher.framework */; };
		F7A4045F1CD9031A00A4D228 /* ObjectMapper.framework in Frameworks */ = {isa = PBXBuildFile; fileRef = F7A404561CD9031900A4D228 /* ObjectMapper.framework */; };
		F7A404601CD9031A00A4D228 /* Realm.framework in Frameworks */ = {isa = PBXBuildFile; fileRef = F7A404571CD9031900A4D228 /* Realm.framework */; };
		F7A404611CD9031A00A4D228 /* RealmSwift.framework in Frameworks */ = {isa = PBXBuildFile; fileRef = F7A404581CD9031900A4D228 /* RealmSwift.framework */; };
		F7D3B8CF1E149B0500F2C3CB /* BaseApi.swift in Sources */ = {isa = PBXBuildFile; fileRef = F7D3B8CE1E149B0500F2C3CB /* BaseApi.swift */; };
		F7D3B8D11E149B5F00F2C3CB /* AppConstants.swift in Sources */ = {isa = PBXBuildFile; fileRef = F7D3B8D01E149B5F00F2C3CB /* AppConstants.swift */; };
		F7D3B8D31E149D2A00F2C3CB /* BasePopoverViewController.swift in Sources */ = {isa = PBXBuildFile; fileRef = F7D3B8D21E149D2A00F2C3CB /* BasePopoverViewController.swift */; };
		F7D3B8D71E14A00600F2C3CB /* DZNEmptyDataSet.framework in Frameworks */ = {isa = PBXBuildFile; fileRef = F7D3B8D41E14A00600F2C3CB /* DZNEmptyDataSet.framework */; };
		F7D3B8D81E14A00600F2C3CB /* IQKeyboardManagerSwift.framework in Frameworks */ = {isa = PBXBuildFile; fileRef = F7D3B8D51E14A00600F2C3CB /* IQKeyboardManagerSwift.framework */; };
		F7D3B8D91E14A00600F2C3CB /* KeychainAccess.framework in Frameworks */ = {isa = PBXBuildFile; fileRef = F7D3B8D61E14A00600F2C3CB /* KeychainAccess.framework */; };
		F7D3B8DE1E14A0A300F2C3CB /* RealmListExtensions.swift in Sources */ = {isa = PBXBuildFile; fileRef = F7D3B8DD1E14A0A300F2C3CB /* RealmListExtensions.swift */; };
		F7D3B8F11E14A17D00F2C3CB /* BaseError.swift in Sources */ = {isa = PBXBuildFile; fileRef = F7D3B8F01E14A17D00F2C3CB /* BaseError.swift */; };
		F7D3B8F41E14A37A00F2C3CB /* ErrorVo.swift in Sources */ = {isa = PBXBuildFile; fileRef = F7D3B8F31E14A37A00F2C3CB /* ErrorVo.swift */; };
		F7D3B8F61E14A3A200F2C3CB /* ErrorResponseVo.swift in Sources */ = {isa = PBXBuildFile; fileRef = F7D3B8F51E14A3A200F2C3CB /* ErrorResponseVo.swift */; };
		F7D3B8F81E14A45500F2C3CB /* APIError.swift in Sources */ = {isa = PBXBuildFile; fileRef = F7D3B8F71E14A45500F2C3CB /* APIError.swift */; };
		F7D3B8FB1E14A6B800F2C3CB /* ListTransform.swift in Sources */ = {isa = PBXBuildFile; fileRef = F7D3B8FA1E14A6B800F2C3CB /* ListTransform.swift */; };
		F7D3B8FE1E14A6E000F2C3CB /* BaseDAO.swift in Sources */ = {isa = PBXBuildFile; fileRef = F7D3B8FD1E14A6E000F2C3CB /* BaseDAO.swift */; };
		F7D3B9011E14A71E00F2C3CB /* RealmManager.swift in Sources */ = {isa = PBXBuildFile; fileRef = F7D3B9001E14A71E00F2C3CB /* RealmManager.swift */; };
		F7D3B90D1E14A80B00F2C3CB /* UserCredsManager.swift in Sources */ = {isa = PBXBuildFile; fileRef = F7D3B90C1E14A80B00F2C3CB /* UserCredsManager.swift */; };
		F7D3B90F1E14A86500F2C3CB /* UserManager.swift in Sources */ = {isa = PBXBuildFile; fileRef = F7D3B90E1E14A86500F2C3CB /* UserManager.swift */; };
		F7D3B9371E1566B700F2C3CB /* iOSBoilerplate.framework in Frameworks */ = {isa = PBXBuildFile; fileRef = F7D3B9361E1566B700F2C3CB /* iOSBoilerplate.framework */; };
		F7D3B93A1E156CEA00F2C3CB /* LogUtil.swift in Sources */ = {isa = PBXBuildFile; fileRef = F7D3B9391E156CEA00F2C3CB /* LogUtil.swift */; };
		F7D3B9491E15D1FC00F2C3CB /* iOSViews.framework in Frameworks */ = {isa = PBXBuildFile; fileRef = F7D3B9481E15D1FC00F2C3CB /* iOSViews.framework */; };
		F7EF619E1CD95D0C00721FE4 /* BaseUIViewController.swift in Sources */ = {isa = PBXBuildFile; fileRef = F7EF619D1CD95D0C00721FE4 /* BaseUIViewController.swift */; };
		F7EF61A01CD95D2400721FE4 /* MainViewController.swift in Sources */ = {isa = PBXBuildFile; fileRef = F7EF619F1CD95D2400721FE4 /* MainViewController.swift */; };
/* End PBXBuildFile section */

/* Begin PBXContainerItemProxy section */
		F75DCD941CD8F10D00B8941F /* PBXContainerItemProxy */ = {
			isa = PBXContainerItemProxy;
			containerPortal = F75DCD771CD8F10D00B8941F /* Project object */;
			proxyType = 1;
			remoteGlobalIDString = F75DCD7E1CD8F10D00B8941F;
			remoteInfo = iOSBlanky;
		};
		F75DCD9F1CD8F10D00B8941F /* PBXContainerItemProxy */ = {
			isa = PBXContainerItemProxy;
			containerPortal = F75DCD771CD8F10D00B8941F /* Project object */;
			proxyType = 1;
			remoteGlobalIDString = F75DCD7E1CD8F10D00B8941F;
			remoteInfo = iOSBlanky;
		};
/* End PBXContainerItemProxy section */

/* Begin PBXFileReference section */
		0F33F851F71D21025F5CEFB0 /* Pods-iOSBlanky.beta.xcconfig */ = {isa = PBXFileReference; includeInIndex = 1; lastKnownFileType = text.xcconfig; name = "Pods-iOSBlanky.beta.xcconfig"; path = "Pods/Target Support Files/Pods-iOSBlanky/Pods-iOSBlanky.beta.xcconfig"; sourceTree = "<group>"; };
		1D3467C2DB09A6AC15A5089C /* Pods-iOSBlanky.release.xcconfig */ = {isa = PBXFileReference; includeInIndex = 1; lastKnownFileType = text.xcconfig; name = "Pods-iOSBlanky.release.xcconfig"; path = "Pods/Target Support Files/Pods-iOSBlanky/Pods-iOSBlanky.release.xcconfig"; sourceTree = "<group>"; };
		68F63AD5A3F83EB1560CE5C0 /* Pods-iOSBlankyTests.release.xcconfig */ = {isa = PBXFileReference; includeInIndex = 1; lastKnownFileType = text.xcconfig; name = "Pods-iOSBlankyTests.release.xcconfig"; path = "Pods/Target Support Files/Pods-iOSBlankyTests/Pods-iOSBlankyTests.release.xcconfig"; sourceTree = "<group>"; };
		6CF1F86F77007F2457F5CB27 /* Pods-iOSBlankyUITests.beta.xcconfig */ = {isa = PBXFileReference; includeInIndex = 1; lastKnownFileType = text.xcconfig; name = "Pods-iOSBlankyUITests.beta.xcconfig"; path = "Pods/Target Support Files/Pods-iOSBlankyUITests/Pods-iOSBlankyUITests.beta.xcconfig"; sourceTree = "<group>"; };
		6D2E732374E5503E88E49521 /* Pods_iOSBlankyUITests.framework */ = {isa = PBXFileReference; explicitFileType = wrapper.framework; includeInIndex = 0; path = Pods_iOSBlankyUITests.framework; sourceTree = BUILT_PRODUCTS_DIR; };
		9B9D92758990D338848451C6 /* Pods_iOSBlankyTests.framework */ = {isa = PBXFileReference; explicitFileType = wrapper.framework; includeInIndex = 0; path = Pods_iOSBlankyTests.framework; sourceTree = BUILT_PRODUCTS_DIR; };
		C01808FF09922A2FAD19531D /* Pods-iOSBlankyUITests.debug.xcconfig */ = {isa = PBXFileReference; includeInIndex = 1; lastKnownFileType = text.xcconfig; name = "Pods-iOSBlankyUITests.debug.xcconfig"; path = "Pods/Target Support Files/Pods-iOSBlankyUITests/Pods-iOSBlankyUITests.debug.xcconfig"; sourceTree = "<group>"; };
		D33639E855A21D931067F6E5 /* Pods-iOSBlankyTests.beta.xcconfig */ = {isa = PBXFileReference; includeInIndex = 1; lastKnownFileType = text.xcconfig; name = "Pods-iOSBlankyTests.beta.xcconfig"; path = "Pods/Target Support Files/Pods-iOSBlankyTests/Pods-iOSBlankyTests.beta.xcconfig"; sourceTree = "<group>"; };
		DD30F876B3E69F622EC0DC8D /* Pods-iOSBlankyUITests.release.xcconfig */ = {isa = PBXFileReference; includeInIndex = 1; lastKnownFileType = text.xcconfig; name = "Pods-iOSBlankyUITests.release.xcconfig"; path = "Pods/Target Support Files/Pods-iOSBlankyUITests/Pods-iOSBlankyUITests.release.xcconfig"; sourceTree = "<group>"; };
		DF8D47C1E9C6CD4664FE3954 /* Pods-iOSBlankyTests.debug.xcconfig */ = {isa = PBXFileReference; includeInIndex = 1; lastKnownFileType = text.xcconfig; name = "Pods-iOSBlankyTests.debug.xcconfig"; path = "Pods/Target Support Files/Pods-iOSBlankyTests/Pods-iOSBlankyTests.debug.xcconfig"; sourceTree = "<group>"; };
		EF04C46E7D6721B042214695 /* Pods-iOSBlanky.debug.xcconfig */ = {isa = PBXFileReference; includeInIndex = 1; lastKnownFileType = text.xcconfig; name = "Pods-iOSBlanky.debug.xcconfig"; path = "Pods/Target Support Files/Pods-iOSBlanky/Pods-iOSBlanky.debug.xcconfig"; sourceTree = "<group>"; };
		F7338AAF1CD975E8009BBC0A /* GitHubAPI.swift */ = {isa = PBXFileReference; fileEncoding = 4; lastKnownFileType = sourcecode.swift; name = GitHubAPI.swift; path = API/GitHubAPI.swift; sourceTree = "<group>"; };
		F7338AB41CD978D1009BBC0A /* RepoModel.swift */ = {isa = PBXFileReference; fileEncoding = 4; lastKnownFileType = sourcecode.swift; name = RepoModel.swift; path = Model/RepoModel.swift; sourceTree = "<group>"; };
		F7338ABA1CDA7BC8009BBC0A /* GitHubController.swift */ = {isa = PBXFileReference; fileEncoding = 4; lastKnownFileType = sourcecode.swift; name = GitHubController.swift; path = Controller/GitHubController.swift; sourceTree = "<group>"; };
		F7338ABC1CDA849B009BBC0A /* BaseController.swift */ = {isa = PBXFileReference; fileEncoding = 4; lastKnownFileType = sourcecode.swift; name = BaseController.swift; path = Controller/BaseController.swift; sourceTree = "<group>"; };
		F75230371CD90B5D00DCAAC4 /* Kamagari.framework */ = {isa = PBXFileReference; lastKnownFileType = wrapper.framework; name = Kamagari.framework; path = "../../Library/Developer/Xcode/DerivedData/iOSBlanky-cvftboosaxfuyjckfsursmokkkdd/Build/Products/Debug-iphonesimulator/Kamagari.framework"; sourceTree = "<group>"; };
		F75230381CD90B5D00DCAAC4 /* SwiftOverlays.framework */ = {isa = PBXFileReference; lastKnownFileType = wrapper.framework; name = SwiftOverlays.framework; path = "Pods/../build/Debug-iphoneos/SwiftOverlays.framework"; sourceTree = "<group>"; };
		F75DCD7F1CD8F10D00B8941F /* Debug.app */ = {isa = PBXFileReference; explicitFileType = wrapper.application; includeInIndex = 0; path = Debug.app; sourceTree = BUILT_PRODUCTS_DIR; };
		F75DCD821CD8F10D00B8941F /* AppDelegate.swift */ = {isa = PBXFileReference; lastKnownFileType = sourcecode.swift; path = AppDelegate.swift; sourceTree = "<group>"; };
		F75DCD871CD8F10D00B8941F /* Base */ = {isa = PBXFileReference; lastKnownFileType = file.storyboard; name = Base; path = Base.lproj/Main.storyboard; sourceTree = "<group>"; };
		F75DCD891CD8F10D00B8941F /* Assets.xcassets */ = {isa = PBXFileReference; lastKnownFileType = folder.assetcatalog; path = Assets.xcassets; sourceTree = "<group>"; };
		F75DCD8C1CD8F10D00B8941F /* Base */ = {isa = PBXFileReference; lastKnownFileType = file.storyboard; name = Base; path = Base.lproj/LaunchScreen.storyboard; sourceTree = "<group>"; };
		F75DCD8E1CD8F10D00B8941F /* Info.plist */ = {isa = PBXFileReference; lastKnownFileType = text.plist.xml; path = Info.plist; sourceTree = "<group>"; };
		F75DCD931CD8F10D00B8941F /* iOSBlankyTests.xctest */ = {isa = PBXFileReference; explicitFileType = wrapper.cfbundle; includeInIndex = 0; path = iOSBlankyTests.xctest; sourceTree = BUILT_PRODUCTS_DIR; };
		F75DCD971CD8F10D00B8941F /* iOSBlankyTests.swift */ = {isa = PBXFileReference; lastKnownFileType = sourcecode.swift; path = iOSBlankyTests.swift; sourceTree = "<group>"; };
		F75DCD991CD8F10D00B8941F /* Info.plist */ = {isa = PBXFileReference; lastKnownFileType = text.plist.xml; path = Info.plist; sourceTree = "<group>"; };
		F75DCD9E1CD8F10D00B8941F /* iOSBlankyUITests.xctest */ = {isa = PBXFileReference; explicitFileType = wrapper.cfbundle; includeInIndex = 0; path = iOSBlankyUITests.xctest; sourceTree = BUILT_PRODUCTS_DIR; };
		F75DCDA21CD8F10D00B8941F /* iOSBlankyUITests.swift */ = {isa = PBXFileReference; lastKnownFileType = sourcecode.swift; path = iOSBlankyUITests.swift; sourceTree = "<group>"; };
		F75DCDA41CD8F10D00B8941F /* Info.plist */ = {isa = PBXFileReference; lastKnownFileType = text.plist.xml; path = Info.plist; sourceTree = "<group>"; };
		F7A404511CD9031900A4D228 /* Alamofire.framework */ = {isa = PBXFileReference; lastKnownFileType = wrapper.framework; name = Alamofire.framework; path = "../../Library/Developer/Xcode/DerivedData/iOSBlanky-cvftboosaxfuyjckfsursmokkkdd/Build/Products/Debug-iphonesimulator/Alamofire.framework"; sourceTree = "<group>"; };
		F7A404521CD9031900A4D228 /* AlamofireNetworkActivityIndicator.framework */ = {isa = PBXFileReference; lastKnownFileType = wrapper.framework; name = AlamofireNetworkActivityIndicator.framework; path = "../../Library/Developer/Xcode/DerivedData/iOSBlanky-cvftboosaxfuyjckfsursmokkkdd/Build/Products/Debug-iphonesimulator/AlamofireNetworkActivityIndicator.framework"; sourceTree = "<group>"; };
		F7A404531CD9031900A4D228 /* AlamofireObjectMapper.framework */ = {isa = PBXFileReference; lastKnownFileType = wrapper.framework; name = AlamofireObjectMapper.framework; path = "../../Library/Developer/Xcode/DerivedData/iOSBlanky-cvftboosaxfuyjckfsursmokkkdd/Build/Products/Debug-iphonesimulator/AlamofireObjectMapper.framework"; sourceTree = "<group>"; };
		F7A404541CD9031900A4D228 /* ChameleonFramework.framework */ = {isa = PBXFileReference; lastKnownFileType = wrapper.framework; name = ChameleonFramework.framework; path = "../../Library/Developer/Xcode/DerivedData/iOSBlanky-cvftboosaxfuyjckfsursmokkkdd/Build/Products/Debug-iphonesimulator/ChameleonFramework.framework"; sourceTree = "<group>"; };
		F7A404551CD9031900A4D228 /* Kingfisher.framework */ = {isa = PBXFileReference; lastKnownFileType = wrapper.framework; name = Kingfisher.framework; path = "../../Library/Developer/Xcode/DerivedData/iOSBlanky-cvftboosaxfuyjckfsursmokkkdd/Build/Products/Debug-iphonesimulator/Kingfisher.framework"; sourceTree = "<group>"; };
		F7A404561CD9031900A4D228 /* ObjectMapper.framework */ = {isa = PBXFileReference; lastKnownFileType = wrapper.framework; name = ObjectMapper.framework; path = "../../Library/Developer/Xcode/DerivedData/iOSBlanky-cvftboosaxfuyjckfsursmokkkdd/Build/Products/Debug-iphonesimulator/ObjectMapper.framework"; sourceTree = "<group>"; };
		F7A404571CD9031900A4D228 /* Realm.framework */ = {isa = PBXFileReference; lastKnownFileType = wrapper.framework; name = Realm.framework; path = "Pods/../build/Debug-iphoneos/Realm.framework"; sourceTree = "<group>"; };
		F7A404581CD9031900A4D228 /* RealmSwift.framework */ = {isa = PBXFileReference; lastKnownFileType = wrapper.framework; name = RealmSwift.framework; path = "../../Library/Developer/Xcode/DerivedData/iOSBlanky-cvftboosaxfuyjckfsursmokkkdd/Build/Products/Debug-iphonesimulator/RealmSwift.framework"; sourceTree = "<group>"; };
		F7A404591CD9031900A4D228 /* Spring.framework */ = {isa = PBXFileReference; lastKnownFileType = wrapper.framework; name = Spring.framework; path = "../../Library/Developer/Xcode/DerivedData/iOSBlanky-cvftboosaxfuyjckfsursmokkkdd/Build/Products/Debug-iphonesimulator/Spring.framework"; sourceTree = "<group>"; };
		F7D3B8CE1E149B0500F2C3CB /* BaseApi.swift */ = {isa = PBXFileReference; fileEncoding = 4; lastKnownFileType = sourcecode.swift; name = BaseApi.swift; path = API/BaseApi.swift; sourceTree = "<group>"; };
		F7D3B8D01E149B5F00F2C3CB /* AppConstants.swift */ = {isa = PBXFileReference; fileEncoding = 4; lastKnownFileType = sourcecode.swift; path = AppConstants.swift; sourceTree = "<group>"; };
		F7D3B8D21E149D2A00F2C3CB /* BasePopoverViewController.swift */ = {isa = PBXFileReference; fileEncoding = 4; lastKnownFileType = sourcecode.swift; name = BasePopoverViewController.swift; path = ViewController/BasePopoverViewController.swift; sourceTree = "<group>"; };
		F7D3B8D41E14A00600F2C3CB /* DZNEmptyDataSet.framework */ = {isa = PBXFileReference; lastKnownFileType = wrapper.framework; name = DZNEmptyDataSet.framework; path = "../../Library/Developer/Xcode/DerivedData/iOSBlanky-cvftboosaxfuyjckfsursmokkkdd/Build/Products/Debug-iphonesimulator/DZNEmptyDataSet/DZNEmptyDataSet.framework"; sourceTree = "<group>"; };
		F7D3B8D51E14A00600F2C3CB /* IQKeyboardManagerSwift.framework */ = {isa = PBXFileReference; lastKnownFileType = wrapper.framework; name = IQKeyboardManagerSwift.framework; path = "../../Library/Developer/Xcode/DerivedData/iOSBlanky-cvftboosaxfuyjckfsursmokkkdd/Build/Products/Debug-iphonesimulator/IQKeyboardManagerSwift/IQKeyboardManagerSwift.framework"; sourceTree = "<group>"; };
		F7D3B8D61E14A00600F2C3CB /* KeychainAccess.framework */ = {isa = PBXFileReference; lastKnownFileType = wrapper.framework; name = KeychainAccess.framework; path = "../../Library/Developer/Xcode/DerivedData/iOSBlanky-cvftboosaxfuyjckfsursmokkkdd/Build/Products/Debug-iphonesimulator/KeychainAccess/KeychainAccess.framework"; sourceTree = "<group>"; };
		F7D3B8DD1E14A0A300F2C3CB /* RealmListExtensions.swift */ = {isa = PBXFileReference; fileEncoding = 4; lastKnownFileType = sourcecode.swift; name = RealmListExtensions.swift; path = Extension/RealmListExtensions.swift; sourceTree = "<group>"; };
		F7D3B8F01E14A17D00F2C3CB /* BaseError.swift */ = {isa = PBXFileReference; fileEncoding = 4; lastKnownFileType = sourcecode.swift; name = BaseError.swift; path = Error/BaseError.swift; sourceTree = "<group>"; };
		F7D3B8F31E14A37A00F2C3CB /* ErrorVo.swift */ = {isa = PBXFileReference; fileEncoding = 4; lastKnownFileType = sourcecode.swift; name = ErrorVo.swift; path = VO/error/ErrorVo.swift; sourceTree = "<group>"; };
		F7D3B8F51E14A3A200F2C3CB /* ErrorResponseVo.swift */ = {isa = PBXFileReference; fileEncoding = 4; lastKnownFileType = sourcecode.swift; name = ErrorResponseVo.swift; path = VO/error/ErrorResponseVo.swift; sourceTree = "<group>"; };
		F7D3B8F71E14A45500F2C3CB /* APIError.swift */ = {isa = PBXFileReference; fileEncoding = 4; lastKnownFileType = sourcecode.swift; name = APIError.swift; path = Error/APIError.swift; sourceTree = "<group>"; };
		F7D3B8FA1E14A6B800F2C3CB /* ListTransform.swift */ = {isa = PBXFileReference; fileEncoding = 4; lastKnownFileType = sourcecode.swift; name = ListTransform.swift; path = Transform/ListTransform.swift; sourceTree = "<group>"; };
		F7D3B8FD1E14A6E000F2C3CB /* BaseDAO.swift */ = {isa = PBXFileReference; fileEncoding = 4; lastKnownFileType = sourcecode.swift; name = BaseDAO.swift; path = DAO/BaseDAO.swift; sourceTree = "<group>"; };
		F7D3B9001E14A71E00F2C3CB /* RealmManager.swift */ = {isa = PBXFileReference; fileEncoding = 4; lastKnownFileType = sourcecode.swift; name = RealmManager.swift; path = Manager/RealmManager.swift; sourceTree = "<group>"; };
		F7D3B90C1E14A80B00F2C3CB /* UserCredsManager.swift */ = {isa = PBXFileReference; fileEncoding = 4; lastKnownFileType = sourcecode.swift; name = UserCredsManager.swift; path = Manager/UserCredsManager.swift; sourceTree = "<group>"; };
		F7D3B90E1E14A86500F2C3CB /* UserManager.swift */ = {isa = PBXFileReference; fileEncoding = 4; lastKnownFileType = sourcecode.swift; name = UserManager.swift; path = Manager/UserManager.swift; sourceTree = "<group>"; };
		F7D3B9361E1566B700F2C3CB /* iOSBoilerplate.framework */ = {isa = PBXFileReference; lastKnownFileType = wrapper.framework; name = iOSBoilerplate.framework; path = "Pods/../build/Debug-iphoneos/iOSBoilerplate/iOSBoilerplate.framework"; sourceTree = "<group>"; };
		F7D3B9391E156CEA00F2C3CB /* LogUtil.swift */ = {isa = PBXFileReference; fileEncoding = 4; lastKnownFileType = sourcecode.swift; name = LogUtil.swift; path = Util/LogUtil.swift; sourceTree = "<group>"; };
		F7D3B9461E15CEE100F2C3CB /* iOSViews.framework */ = {isa = PBXFileReference; lastKnownFileType = wrapper.framework; name = iOSViews.framework; path = "Pods/../build/Debug-iphoneos/iOSViews/iOSViews.framework"; sourceTree = "<group>"; };
		F7D3B9481E15D1FC00F2C3CB /* iOSViews.framework */ = {isa = PBXFileReference; lastKnownFileType = wrapper.framework; name = iOSViews.framework; path = "../../Library/Developer/Xcode/DerivedData/iOSBlanky-cvftboosaxfuyjckfsursmokkkdd/Build/Products/Debug-iphonesimulator/iOSViews/iOSViews.framework"; sourceTree = "<group>"; };
		F7EF619D1CD95D0C00721FE4 /* BaseUIViewController.swift */ = {isa = PBXFileReference; fileEncoding = 4; lastKnownFileType = sourcecode.swift; name = BaseUIViewController.swift; path = ViewController/BaseUIViewController.swift; sourceTree = "<group>"; };
		F7EF619F1CD95D2400721FE4 /* MainViewController.swift */ = {isa = PBXFileReference; fileEncoding = 4; lastKnownFileType = sourcecode.swift; name = MainViewController.swift; path = ViewController/MainViewController.swift; sourceTree = "<group>"; };
		F88AFB7245B5486D980BEBDF /* Pods_iOSBlanky.framework */ = {isa = PBXFileReference; explicitFileType = wrapper.framework; includeInIndex = 0; path = Pods_iOSBlanky.framework; sourceTree = BUILT_PRODUCTS_DIR; };
/* End PBXFileReference section */

/* Begin PBXFrameworksBuildPhase section */
		F75DCD7C1CD8F10D00B8941F /* Frameworks */ = {
			isa = PBXFrameworksBuildPhase;
			buildActionMask = 2147483647;
			files = (
				F7D3B9491E15D1FC00F2C3CB /* iOSViews.framework in Frameworks */,
				F7D3B9371E1566B700F2C3CB /* iOSBoilerplate.framework in Frameworks */,
				F7D3B8D71E14A00600F2C3CB /* DZNEmptyDataSet.framework in Frameworks */,
				F7D3B8D81E14A00600F2C3CB /* IQKeyboardManagerSwift.framework in Frameworks */,
				F7D3B8D91E14A00600F2C3CB /* KeychainAccess.framework in Frameworks */,
				F75230391CD90B5D00DCAAC4 /* Kamagari.framework in Frameworks */,
				F752303A1CD90B5D00DCAAC4 /* SwiftOverlays.framework in Frameworks */,
				F7A4045A1CD9031A00A4D228 /* Alamofire.framework in Frameworks */,
				F7A4045B1CD9031A00A4D228 /* AlamofireNetworkActivityIndicator.framework in Frameworks */,
				F7A4045E1CD9031A00A4D228 /* Kingfisher.framework in Frameworks */,
				F7A4045F1CD9031A00A4D228 /* ObjectMapper.framework in Frameworks */,
				F7A404601CD9031A00A4D228 /* Realm.framework in Frameworks */,
				F7A404611CD9031A00A4D228 /* RealmSwift.framework in Frameworks */,
				672692D4097317A7D5DA0CD7 /* Pods_iOSBlanky.framework in Frameworks */,
			);
			runOnlyForDeploymentPostprocessing = 0;
		};
		F75DCD901CD8F10D00B8941F /* Frameworks */ = {
			isa = PBXFrameworksBuildPhase;
			buildActionMask = 2147483647;
			files = (
				24DE5BDB67601E9816EA8BA3 /* Pods_iOSBlankyTests.framework in Frameworks */,
			);
			runOnlyForDeploymentPostprocessing = 0;
		};
		F75DCD9B1CD8F10D00B8941F /* Frameworks */ = {
			isa = PBXFrameworksBuildPhase;
			buildActionMask = 2147483647;
			files = (
				41CFE39E9D54876C79774913 /* Pods_iOSBlankyUITests.framework in Frameworks */,
			);
			runOnlyForDeploymentPostprocessing = 0;
		};
/* End PBXFrameworksBuildPhase section */

/* Begin PBXGroup section */
		BE0DD508204C296CDC48EE29 /* Pods */ = {
			isa = PBXGroup;
			children = (
				EF04C46E7D6721B042214695 /* Pods-iOSBlanky.debug.xcconfig */,
				1D3467C2DB09A6AC15A5089C /* Pods-iOSBlanky.release.xcconfig */,
				0F33F851F71D21025F5CEFB0 /* Pods-iOSBlanky.beta.xcconfig */,
				DF8D47C1E9C6CD4664FE3954 /* Pods-iOSBlankyTests.debug.xcconfig */,
				68F63AD5A3F83EB1560CE5C0 /* Pods-iOSBlankyTests.release.xcconfig */,
				D33639E855A21D931067F6E5 /* Pods-iOSBlankyTests.beta.xcconfig */,
				C01808FF09922A2FAD19531D /* Pods-iOSBlankyUITests.debug.xcconfig */,
				DD30F876B3E69F622EC0DC8D /* Pods-iOSBlankyUITests.release.xcconfig */,
				6CF1F86F77007F2457F5CB27 /* Pods-iOSBlankyUITests.beta.xcconfig */,
			);
			name = Pods;
			sourceTree = "<group>";
		};
		C1715DC8E1D8C79F1A025E3B /* Frameworks */ = {
			isa = PBXGroup;
			children = (
				F7D3B9481E15D1FC00F2C3CB /* iOSViews.framework */,
				F7D3B9461E15CEE100F2C3CB /* iOSViews.framework */,
				F7D3B9361E1566B700F2C3CB /* iOSBoilerplate.framework */,
				F7D3B8D41E14A00600F2C3CB /* DZNEmptyDataSet.framework */,
				F7D3B8D51E14A00600F2C3CB /* IQKeyboardManagerSwift.framework */,
				F7D3B8D61E14A00600F2C3CB /* KeychainAccess.framework */,
				F75230371CD90B5D00DCAAC4 /* Kamagari.framework */,
				F75230381CD90B5D00DCAAC4 /* SwiftOverlays.framework */,
				F7A404511CD9031900A4D228 /* Alamofire.framework */,
				F7A404521CD9031900A4D228 /* AlamofireNetworkActivityIndicator.framework */,
				F7A404531CD9031900A4D228 /* AlamofireObjectMapper.framework */,
				F7A404541CD9031900A4D228 /* ChameleonFramework.framework */,
				F7A404551CD9031900A4D228 /* Kingfisher.framework */,
				F7A404561CD9031900A4D228 /* ObjectMapper.framework */,
				F7A404571CD9031900A4D228 /* Realm.framework */,
				F7A404581CD9031900A4D228 /* RealmSwift.framework */,
				F7A404591CD9031900A4D228 /* Spring.framework */,
				F88AFB7245B5486D980BEBDF /* Pods_iOSBlanky.framework */,
				9B9D92758990D338848451C6 /* Pods_iOSBlankyTests.framework */,
				6D2E732374E5503E88E49521 /* Pods_iOSBlankyUITests.framework */,
			);
			name = Frameworks;
			sourceTree = "<group>";
		};
		F7338AAE1CD9755D009BBC0A /* API */ = {
			isa = PBXGroup;
			children = (
				F7338AAF1CD975E8009BBC0A /* GitHubAPI.swift */,
				F7D3B8CE1E149B0500F2C3CB /* BaseApi.swift */,
			);
			name = API;
			sourceTree = "<group>";
		};
		F7338AB11CD97861009BBC0A /* Model */ = {
			isa = PBXGroup;
			children = (
				F7338AB41CD978D1009BBC0A /* RepoModel.swift */,
			);
			name = Model;
			sourceTree = "<group>";
		};
		F7338AB61CD979BE009BBC0A /* VO */ = {
			isa = PBXGroup;
			children = (
				F7D3B8F21E14A36200F2C3CB /* error */,
			);
			name = VO;
			sourceTree = "<group>";
		};
		F7338AB91CDA7B9B009BBC0A /* Controller */ = {
			isa = PBXGroup;
			children = (
				F7338ABA1CDA7BC8009BBC0A /* GitHubController.swift */,
				F7338ABC1CDA849B009BBC0A /* BaseController.swift */,
			);
			name = Controller;
			sourceTree = "<group>";
		};
		F75DCD761CD8F10C00B8941F = {
			isa = PBXGroup;
			children = (
				F75DCD811CD8F10D00B8941F /* iOSBlanky */,
				F75DCD961CD8F10D00B8941F /* iOSBlankyTests */,
				F75DCDA11CD8F10D00B8941F /* iOSBlankyUITests */,
				F75DCD801CD8F10D00B8941F /* Products */,
				C1715DC8E1D8C79F1A025E3B /* Frameworks */,
				BE0DD508204C296CDC48EE29 /* Pods */,
			);
			sourceTree = "<group>";
		};
		F75DCD801CD8F10D00B8941F /* Products */ = {
			isa = PBXGroup;
			children = (
				F75DCD7F1CD8F10D00B8941F /* Debug.app */,
				F75DCD931CD8F10D00B8941F /* iOSBlankyTests.xctest */,
				F75DCD9E1CD8F10D00B8941F /* iOSBlankyUITests.xctest */,
			);
			name = Products;
			sourceTree = "<group>";
		};
		F75DCD811CD8F10D00B8941F /* iOSBlanky */ = {
			isa = PBXGroup;
			children = (
				F7D3B9381E156C8100F2C3CB /* Util */,
				F7D3B8FF1E14A70F00F2C3CB /* Manager */,
				F7D3B8FC1E14A6D400F2C3CB /* DAO */,
				F7D3B8F91E14A6A800F2C3CB /* Transform */,
				F7D3B8EF1E14A16E00F2C3CB /* Error */,
				F7D3B8DA1E14A06700F2C3CB /* Extension */,
				F7338AB91CDA7B9B009BBC0A /* Controller */,
				F7338AB61CD979BE009BBC0A /* VO */,
				F7338AB11CD97861009BBC0A /* Model */,
				F7338AAE1CD9755D009BBC0A /* API */,
				F7EF619C1CD95CD600721FE4 /* ViewController */,
				F75DCD821CD8F10D00B8941F /* AppDelegate.swift */,
				F75DCD861CD8F10D00B8941F /* Main.storyboard */,
				F75DCD891CD8F10D00B8941F /* Assets.xcassets */,
				F75DCD8B1CD8F10D00B8941F /* LaunchScreen.storyboard */,
				F75DCD8E1CD8F10D00B8941F /* Info.plist */,
				F7D3B8D01E149B5F00F2C3CB /* AppConstants.swift */,
			);
			path = iOSBlanky;
			sourceTree = "<group>";
		};
		F75DCD961CD8F10D00B8941F /* iOSBlankyTests */ = {
			isa = PBXGroup;
			children = (
				F75DCD971CD8F10D00B8941F /* iOSBlankyTests.swift */,
				F75DCD991CD8F10D00B8941F /* Info.plist */,
			);
			path = iOSBlankyTests;
			sourceTree = "<group>";
		};
		F75DCDA11CD8F10D00B8941F /* iOSBlankyUITests */ = {
			isa = PBXGroup;
			children = (
				F75DCDA21CD8F10D00B8941F /* iOSBlankyUITests.swift */,
				F75DCDA41CD8F10D00B8941F /* Info.plist */,
			);
			path = iOSBlankyUITests;
			sourceTree = "<group>";
		};
		F7D3B8DA1E14A06700F2C3CB /* Extension */ = {
			isa = PBXGroup;
			children = (
				F7D3B8DD1E14A0A300F2C3CB /* RealmListExtensions.swift */,
			);
			name = Extension;
			sourceTree = "<group>";
		};
		F7D3B8EF1E14A16E00F2C3CB /* Error */ = {
			isa = PBXGroup;
			children = (
				F7D3B8F01E14A17D00F2C3CB /* BaseError.swift */,
				F7D3B8F71E14A45500F2C3CB /* APIError.swift */,
			);
			name = Error;
			sourceTree = "<group>";
		};
		F7D3B8F21E14A36200F2C3CB /* error */ = {
			isa = PBXGroup;
			children = (
				F7D3B8F31E14A37A00F2C3CB /* ErrorVo.swift */,
				F7D3B8F51E14A3A200F2C3CB /* ErrorResponseVo.swift */,
			);
			name = error;
			sourceTree = "<group>";
		};
		F7D3B8F91E14A6A800F2C3CB /* Transform */ = {
			isa = PBXGroup;
			children = (
				F7D3B8FA1E14A6B800F2C3CB /* ListTransform.swift */,
			);
			name = Transform;
			sourceTree = "<group>";
		};
		F7D3B8FC1E14A6D400F2C3CB /* DAO */ = {
			isa = PBXGroup;
			children = (
				F7D3B8FD1E14A6E000F2C3CB /* BaseDAO.swift */,
			);
			name = DAO;
			sourceTree = "<group>";
		};
		F7D3B8FF1E14A70F00F2C3CB /* Manager */ = {
			isa = PBXGroup;
			children = (
				F7D3B9001E14A71E00F2C3CB /* RealmManager.swift */,
				F7D3B90C1E14A80B00F2C3CB /* UserCredsManager.swift */,
				F7D3B90E1E14A86500F2C3CB /* UserManager.swift */,
			);
			name = Manager;
			sourceTree = "<group>";
		};
		F7D3B9381E156C8100F2C3CB /* Util */ = {
			isa = PBXGroup;
			children = (
				F7D3B9391E156CEA00F2C3CB /* LogUtil.swift */,
			);
			name = Util;
			sourceTree = "<group>";
		};
		F7EF619C1CD95CD600721FE4 /* ViewController */ = {
			isa = PBXGroup;
			children = (
				F7EF619F1CD95D2400721FE4 /* MainViewController.swift */,
				F7EF619D1CD95D0C00721FE4 /* BaseUIViewController.swift */,
				F7D3B8D21E149D2A00F2C3CB /* BasePopoverViewController.swift */,
			);
			name = ViewController;
			sourceTree = "<group>";
		};
/* End PBXGroup section */

/* Begin PBXNativeTarget section */
		F75DCD7E1CD8F10D00B8941F /* iOSBlanky */ = {
			isa = PBXNativeTarget;
			buildConfigurationList = F75DCDA71CD8F10D00B8941F /* Build configuration list for PBXNativeTarget "iOSBlanky" */;
			buildPhases = (
				65D1495E3A409F6FB556008D /* [CP] Check Pods Manifest.lock */,
				F75DCD7B1CD8F10D00B8941F /* Sources */,
				F75DCD7C1CD8F10D00B8941F /* Frameworks */,
				F75DCD7D1CD8F10D00B8941F /* Resources */,
				F7B674F81CD8F2BC007C42FC /* SwiftLint */,
				B286389F35A5B7FF41C2515E /* [CP] Embed Pods Frameworks */,
				2476672DC7A2CBC095079549 /* [CP] Copy Pods Resources */,
			);
			buildRules = (
			);
			dependencies = (
			);
			name = iOSBlanky;
			productName = iOSBlanky;
			productReference = F75DCD7F1CD8F10D00B8941F /* Debug.app */;
			productType = "com.apple.product-type.application";
		};
		F75DCD921CD8F10D00B8941F /* iOSBlankyTests */ = {
			isa = PBXNativeTarget;
			buildConfigurationList = F75DCDAA1CD8F10D00B8941F /* Build configuration list for PBXNativeTarget "iOSBlankyTests" */;
			buildPhases = (
				99761CC9423E1F8BCD8AD343 /* [CP] Check Pods Manifest.lock */,
				F75DCD8F1CD8F10D00B8941F /* Sources */,
				F75DCD901CD8F10D00B8941F /* Frameworks */,
				F75DCD911CD8F10D00B8941F /* Resources */,
				8C62308AC9A0227BCAF12DCB /* [CP] Embed Pods Frameworks */,
				312A9C4B2C3B1DC121098711 /* [CP] Copy Pods Resources */,
			);
			buildRules = (
			);
			dependencies = (
				F75DCD951CD8F10D00B8941F /* PBXTargetDependency */,
			);
			name = iOSBlankyTests;
			productName = iOSBlankyTests;
			productReference = F75DCD931CD8F10D00B8941F /* iOSBlankyTests.xctest */;
			productType = "com.apple.product-type.bundle.unit-test";
		};
		F75DCD9D1CD8F10D00B8941F /* iOSBlankyUITests */ = {
			isa = PBXNativeTarget;
			buildConfigurationList = F75DCDAD1CD8F10D00B8941F /* Build configuration list for PBXNativeTarget "iOSBlankyUITests" */;
			buildPhases = (
				86AFA7EE3E2770C827576DC4 /* [CP] Check Pods Manifest.lock */,
				F75DCD9A1CD8F10D00B8941F /* Sources */,
				F75DCD9B1CD8F10D00B8941F /* Frameworks */,
				F75DCD9C1CD8F10D00B8941F /* Resources */,
				B8C1182C8ADE99ABD95A7014 /* [CP] Copy Pods Resources */,
				98BC121A0BC81C99F6131DC3 /* [CP] Embed Pods Frameworks */,
			);
			buildRules = (
			);
			dependencies = (
				F75DCDA01CD8F10D00B8941F /* PBXTargetDependency */,
			);
			name = iOSBlankyUITests;
			productName = iOSBlankyUITests;
			productReference = F75DCD9E1CD8F10D00B8941F /* iOSBlankyUITests.xctest */;
			productType = "com.apple.product-type.bundle.ui-testing";
		};
/* End PBXNativeTarget section */

/* Begin PBXProject section */
		F75DCD771CD8F10D00B8941F /* Project object */ = {
			isa = PBXProject;
			attributes = {
				LastSwiftUpdateCheck = 0730;
				LastUpgradeCheck = 0820;
				ORGANIZATIONNAME = "Curiosity IO";
				TargetAttributes = {
					F75DCD7E1CD8F10D00B8941F = {
						CreatedOnToolsVersion = 7.3;
						DevelopmentTeam = 552H65R858;
						LastSwiftMigration = 0820;
					};
					F75DCD921CD8F10D00B8941F = {
						CreatedOnToolsVersion = 7.3;
						DevelopmentTeam = 552H65R858;
						LastSwiftMigration = 0820;
						TestTargetID = F75DCD7E1CD8F10D00B8941F;
					};
					F75DCD9D1CD8F10D00B8941F = {
						CreatedOnToolsVersion = 7.3;
						DevelopmentTeam = 552H65R858;
						LastSwiftMigration = 0820;
						TestTargetID = F75DCD7E1CD8F10D00B8941F;
					};
				};
			};
			buildConfigurationList = F75DCD7A1CD8F10D00B8941F /* Build configuration list for PBXProject "iOSBlanky" */;
			compatibilityVersion = "Xcode 3.2";
			developmentRegion = English;
			hasScannedForEncodings = 0;
			knownRegions = (
				en,
				Base,
			);
			mainGroup = F75DCD761CD8F10C00B8941F;
			productRefGroup = F75DCD801CD8F10D00B8941F /* Products */;
			projectDirPath = "";
			projectRoot = "";
			targets = (
				F75DCD7E1CD8F10D00B8941F /* iOSBlanky */,
				F75DCD921CD8F10D00B8941F /* iOSBlankyTests */,
				F75DCD9D1CD8F10D00B8941F /* iOSBlankyUITests */,
			);
		};
/* End PBXProject section */

/* Begin PBXResourcesBuildPhase section */
		F75DCD7D1CD8F10D00B8941F /* Resources */ = {
			isa = PBXResourcesBuildPhase;
			buildActionMask = 2147483647;
			files = (
				F75DCD8D1CD8F10D00B8941F /* LaunchScreen.storyboard in Resources */,
				F75DCD8A1CD8F10D00B8941F /* Assets.xcassets in Resources */,
				F75DCD881CD8F10D00B8941F /* Main.storyboard in Resources */,
			);
			runOnlyForDeploymentPostprocessing = 0;
		};
		F75DCD911CD8F10D00B8941F /* Resources */ = {
			isa = PBXResourcesBuildPhase;
			buildActionMask = 2147483647;
			files = (
			);
			runOnlyForDeploymentPostprocessing = 0;
		};
		F75DCD9C1CD8F10D00B8941F /* Resources */ = {
			isa = PBXResourcesBuildPhase;
			buildActionMask = 2147483647;
			files = (
			);
			runOnlyForDeploymentPostprocessing = 0;
		};
/* End PBXResourcesBuildPhase section */

/* Begin PBXShellScriptBuildPhase section */
		2476672DC7A2CBC095079549 /* [CP] Copy Pods Resources */ = {
			isa = PBXShellScriptBuildPhase;
			buildActionMask = 2147483647;
			files = (
			);
			inputPaths = (
			);
			name = "[CP] Copy Pods Resources";
			outputPaths = (
			);
			runOnlyForDeploymentPostprocessing = 0;
			shellPath = /bin/sh;
			shellScript = "\"${SRCROOT}/Pods/Target Support Files/Pods-iOSBlanky/Pods-iOSBlanky-resources.sh\"\n";
			showEnvVarsInLog = 0;
		};
		312A9C4B2C3B1DC121098711 /* [CP] Copy Pods Resources */ = {
			isa = PBXShellScriptBuildPhase;
			buildActionMask = 2147483647;
			files = (
			);
			inputPaths = (
			);
			name = "[CP] Copy Pods Resources";
			outputPaths = (
			);
			runOnlyForDeploymentPostprocessing = 0;
			shellPath = /bin/sh;
			shellScript = "\"${SRCROOT}/Pods/Target Support Files/Pods-iOSBlankyTests/Pods-iOSBlankyTests-resources.sh\"\n";
			showEnvVarsInLog = 0;
		};
		65D1495E3A409F6FB556008D /* [CP] Check Pods Manifest.lock */ = {
			isa = PBXShellScriptBuildPhase;
			buildActionMask = 2147483647;
			files = (
			);
			inputPaths = (
			);
			name = "[CP] Check Pods Manifest.lock";
			outputPaths = (
			);
			runOnlyForDeploymentPostprocessing = 0;
			shellPath = /bin/sh;
			shellScript = "diff \"${PODS_ROOT}/../Podfile.lock\" \"${PODS_ROOT}/Manifest.lock\" > /dev/null\nif [ $? != 0 ] ; then\n    # print error to STDERR\n    echo \"error: The sandbox is not in sync with the Podfile.lock. Run 'pod install' or update your CocoaPods installation.\" >&2\n    exit 1\nfi\n";
			showEnvVarsInLog = 0;
		};
		86AFA7EE3E2770C827576DC4 /* [CP] Check Pods Manifest.lock */ = {
			isa = PBXShellScriptBuildPhase;
			buildActionMask = 2147483647;
			files = (
			);
			inputPaths = (
			);
			name = "[CP] Check Pods Manifest.lock";
			outputPaths = (
			);
			runOnlyForDeploymentPostprocessing = 0;
			shellPath = /bin/sh;
			shellScript = "diff \"${PODS_ROOT}/../Podfile.lock\" \"${PODS_ROOT}/Manifest.lock\" > /dev/null\nif [ $? != 0 ] ; then\n    # print error to STDERR\n    echo \"error: The sandbox is not in sync with the Podfile.lock. Run 'pod install' or update your CocoaPods installation.\" >&2\n    exit 1\nfi\n";
			showEnvVarsInLog = 0;
		};
		8C62308AC9A0227BCAF12DCB /* [CP] Embed Pods Frameworks */ = {
			isa = PBXShellScriptBuildPhase;
			buildActionMask = 2147483647;
			files = (
			);
			inputPaths = (
			);
			name = "[CP] Embed Pods Frameworks";
			outputPaths = (
			);
			runOnlyForDeploymentPostprocessing = 0;
			shellPath = /bin/sh;
			shellScript = "\"${SRCROOT}/Pods/Target Support Files/Pods-iOSBlankyTests/Pods-iOSBlankyTests-frameworks.sh\"\n";
			showEnvVarsInLog = 0;
		};
		98BC121A0BC81C99F6131DC3 /* [CP] Embed Pods Frameworks */ = {
			isa = PBXShellScriptBuildPhase;
			buildActionMask = 2147483647;
			files = (
			);
			inputPaths = (
			);
			name = "[CP] Embed Pods Frameworks";
			outputPaths = (
			);
			runOnlyForDeploymentPostprocessing = 0;
			shellPath = /bin/sh;
			shellScript = "\"${SRCROOT}/Pods/Target Support Files/Pods-iOSBlankyUITests/Pods-iOSBlankyUITests-frameworks.sh\"\n";
			showEnvVarsInLog = 0;
		};
		99761CC9423E1F8BCD8AD343 /* [CP] Check Pods Manifest.lock */ = {
			isa = PBXShellScriptBuildPhase;
			buildActionMask = 2147483647;
			files = (
			);
			inputPaths = (
			);
			name = "[CP] Check Pods Manifest.lock";
			outputPaths = (
			);
			runOnlyForDeploymentPostprocessing = 0;
			shellPath = /bin/sh;
			shellScript = "diff \"${PODS_ROOT}/../Podfile.lock\" \"${PODS_ROOT}/Manifest.lock\" > /dev/null\nif [ $? != 0 ] ; then\n    # print error to STDERR\n    echo \"error: The sandbox is not in sync with the Podfile.lock. Run 'pod install' or update your CocoaPods installation.\" >&2\n    exit 1\nfi\n";
			showEnvVarsInLog = 0;
		};
		B286389F35A5B7FF41C2515E /* [CP] Embed Pods Frameworks */ = {
			isa = PBXShellScriptBuildPhase;
			buildActionMask = 2147483647;
			files = (
			);
			inputPaths = (
			);
			name = "[CP] Embed Pods Frameworks";
			outputPaths = (
			);
			runOnlyForDeploymentPostprocessing = 0;
			shellPath = /bin/sh;
			shellScript = "\"${SRCROOT}/Pods/Target Support Files/Pods-iOSBlanky/Pods-iOSBlanky-frameworks.sh\"\n";
			showEnvVarsInLog = 0;
		};
		B8C1182C8ADE99ABD95A7014 /* [CP] Copy Pods Resources */ = {
			isa = PBXShellScriptBuildPhase;
			buildActionMask = 2147483647;
			files = (
			);
			inputPaths = (
			);
			name = "[CP] Copy Pods Resources";
			outputPaths = (
			);
			runOnlyForDeploymentPostprocessing = 0;
			shellPath = /bin/sh;
			shellScript = "\"${SRCROOT}/Pods/Target Support Files/Pods-iOSBlankyUITests/Pods-iOSBlankyUITests-resources.sh\"\n";
			showEnvVarsInLog = 0;
		};
		F7B674F81CD8F2BC007C42FC /* SwiftLint */ = {
			isa = PBXShellScriptBuildPhase;
			buildActionMask = 2147483647;
			files = (
			);
			inputPaths = (
			);
			name = SwiftLint;
			outputPaths = (
			);
			runOnlyForDeploymentPostprocessing = 0;
			shellPath = /bin/sh;
			shellScript = "if which swiftlint >/dev/null; then\n    swiftlint\nelse\n    echo \"warning: SwiftLint not installed, download from https://github.com/realm/SwiftLint\"\nfi";
		};
/* End PBXShellScriptBuildPhase section */

/* Begin PBXSourcesBuildPhase section */
		F75DCD7B1CD8F10D00B8941F /* Sources */ = {
			isa = PBXSourcesBuildPhase;
			buildActionMask = 2147483647;
			files = (
				F7D3B8DE1E14A0A300F2C3CB /* RealmListExtensions.swift in Sources */,
				F7D3B8D11E149B5F00F2C3CB /* AppConstants.swift in Sources */,
				F7EF619E1CD95D0C00721FE4 /* BaseUIViewController.swift in Sources */,
				F7D3B9011E14A71E00F2C3CB /* RealmManager.swift in Sources */,
				F7D3B8FE1E14A6E000F2C3CB /* BaseDAO.swift in Sources */,
				F7D3B90D1E14A80B00F2C3CB /* UserCredsManager.swift in Sources */,
				F7D3B8D31E149D2A00F2C3CB /* BasePopoverViewController.swift in Sources */,
				F75DCD831CD8F10D00B8941F /* AppDelegate.swift in Sources */,
				F7D3B8F41E14A37A00F2C3CB /* ErrorVo.swift in Sources */,
				F7EF61A01CD95D2400721FE4 /* MainViewController.swift in Sources */,
				F7D3B8F61E14A3A200F2C3CB /* ErrorResponseVo.swift in Sources */,
				F7338AB51CD978D1009BBC0A /* RepoModel.swift in Sources */,
				F7338ABB1CDA7BC8009BBC0A /* GitHubController.swift in Sources */,
				F7D3B8FB1E14A6B800F2C3CB /* ListTransform.swift in Sources */,
				F7D3B8F11E14A17D00F2C3CB /* BaseError.swift in Sources */,
				F7D3B93A1E156CEA00F2C3CB /* LogUtil.swift in Sources */,
				F7338AB01CD975E8009BBC0A /* GitHubAPI.swift in Sources */,
				F7D3B90F1E14A86500F2C3CB /* UserManager.swift in Sources */,
				F7D3B8CF1E149B0500F2C3CB /* BaseApi.swift in Sources */,
				F7338ABD1CDA849B009BBC0A /* BaseController.swift in Sources */,
				F7D3B8F81E14A45500F2C3CB /* APIError.swift in Sources */,
			);
			runOnlyForDeploymentPostprocessing = 0;
		};
		F75DCD8F1CD8F10D00B8941F /* Sources */ = {
			isa = PBXSourcesBuildPhase;
			buildActionMask = 2147483647;
			files = (
				F75DCD981CD8F10D00B8941F /* iOSBlankyTests.swift in Sources */,
			);
			runOnlyForDeploymentPostprocessing = 0;
		};
		F75DCD9A1CD8F10D00B8941F /* Sources */ = {
			isa = PBXSourcesBuildPhase;
			buildActionMask = 2147483647;
			files = (
				F75DCDA31CD8F10D00B8941F /* iOSBlankyUITests.swift in Sources */,
			);
			runOnlyForDeploymentPostprocessing = 0;
		};
/* End PBXSourcesBuildPhase section */

/* Begin PBXTargetDependency section */
		F75DCD951CD8F10D00B8941F /* PBXTargetDependency */ = {
			isa = PBXTargetDependency;
			target = F75DCD7E1CD8F10D00B8941F /* iOSBlanky */;
			targetProxy = F75DCD941CD8F10D00B8941F /* PBXContainerItemProxy */;
		};
		F75DCDA01CD8F10D00B8941F /* PBXTargetDependency */ = {
			isa = PBXTargetDependency;
			target = F75DCD7E1CD8F10D00B8941F /* iOSBlanky */;
			targetProxy = F75DCD9F1CD8F10D00B8941F /* PBXContainerItemProxy */;
		};
/* End PBXTargetDependency section */

/* Begin PBXVariantGroup section */
		F75DCD861CD8F10D00B8941F /* Main.storyboard */ = {
			isa = PBXVariantGroup;
			children = (
				F75DCD871CD8F10D00B8941F /* Base */,
			);
			name = Main.storyboard;
			sourceTree = "<group>";
		};
		F75DCD8B1CD8F10D00B8941F /* LaunchScreen.storyboard */ = {
			isa = PBXVariantGroup;
			children = (
				F75DCD8C1CD8F10D00B8941F /* Base */,
			);
			name = LaunchScreen.storyboard;
			sourceTree = "<group>";
		};
/* End PBXVariantGroup section */

/* Begin XCBuildConfiguration section */
		F75DCDA51CD8F10D00B8941F /* Debug */ = {
			isa = XCBuildConfiguration;
			buildSettings = {
				ALWAYS_SEARCH_USER_PATHS = NO;
				CLANG_ANALYZER_NONNULL = YES;
				CLANG_CXX_LANGUAGE_STANDARD = "gnu++0x";
				CLANG_CXX_LIBRARY = "libc++";
				CLANG_ENABLE_MODULES = YES;
				CLANG_ENABLE_OBJC_ARC = YES;
				CLANG_WARN_BOOL_CONVERSION = YES;
				CLANG_WARN_CONSTANT_CONVERSION = YES;
				CLANG_WARN_DIRECT_OBJC_ISA_USAGE = YES_ERROR;
				CLANG_WARN_EMPTY_BODY = YES;
				CLANG_WARN_ENUM_CONVERSION = YES;
				CLANG_WARN_INFINITE_RECURSION = YES;
				CLANG_WARN_INT_CONVERSION = YES;
				CLANG_WARN_OBJC_ROOT_CLASS = YES_ERROR;
				CLANG_WARN_SUSPICIOUS_MOVE = YES;
				CLANG_WARN_UNREACHABLE_CODE = YES;
				CLANG_WARN__DUPLICATE_METHOD_MATCH = YES;
				"CODE_SIGN_IDENTITY[sdk=iphoneos*]" = "iPhone Developer";
				COPY_PHASE_STRIP = NO;
				DEBUG_INFORMATION_FORMAT = dwarf;
				ENABLE_STRICT_OBJC_MSGSEND = YES;
				ENABLE_TESTABILITY = YES;
				GCC_C_LANGUAGE_STANDARD = gnu99;
				GCC_DYNAMIC_NO_PIC = NO;
				GCC_NO_COMMON_BLOCKS = YES;
				GCC_OPTIMIZATION_LEVEL = 0;
				GCC_PREPROCESSOR_DEFINITIONS = (
					"DEBUG=1",
					"$(inherited)",
				);
				GCC_WARN_64_TO_32_BIT_CONVERSION = YES;
				GCC_WARN_ABOUT_RETURN_TYPE = YES_ERROR;
				GCC_WARN_UNDECLARED_SELECTOR = YES;
				GCC_WARN_UNINITIALIZED_AUTOS = YES_AGGRESSIVE;
				GCC_WARN_UNUSED_FUNCTION = YES;
				GCC_WARN_UNUSED_VARIABLE = YES;
				IPHONEOS_DEPLOYMENT_TARGET = 9.3;
				MTL_ENABLE_DEBUG_INFO = YES;
				ONLY_ACTIVE_ARCH = YES;
				SDKROOT = iphoneos;
				SWIFT_OPTIMIZATION_LEVEL = "-Onone";
			};
			name = Debug;
		};
		F75DCDA61CD8F10D00B8941F /* Release */ = {
			isa = XCBuildConfiguration;
			buildSettings = {
				ALWAYS_SEARCH_USER_PATHS = NO;
				CLANG_ANALYZER_NONNULL = YES;
				CLANG_CXX_LANGUAGE_STANDARD = "gnu++0x";
				CLANG_CXX_LIBRARY = "libc++";
				CLANG_ENABLE_MODULES = YES;
				CLANG_ENABLE_OBJC_ARC = YES;
				CLANG_WARN_BOOL_CONVERSION = YES;
				CLANG_WARN_CONSTANT_CONVERSION = YES;
				CLANG_WARN_DIRECT_OBJC_ISA_USAGE = YES_ERROR;
				CLANG_WARN_EMPTY_BODY = YES;
				CLANG_WARN_ENUM_CONVERSION = YES;
				CLANG_WARN_INFINITE_RECURSION = YES;
				CLANG_WARN_INT_CONVERSION = YES;
				CLANG_WARN_OBJC_ROOT_CLASS = YES_ERROR;
				CLANG_WARN_SUSPICIOUS_MOVE = YES;
				CLANG_WARN_UNREACHABLE_CODE = YES;
				CLANG_WARN__DUPLICATE_METHOD_MATCH = YES;
				"CODE_SIGN_IDENTITY[sdk=iphoneos*]" = "iPhone Developer";
				COPY_PHASE_STRIP = NO;
				DEBUG_INFORMATION_FORMAT = "dwarf-with-dsym";
				ENABLE_NS_ASSERTIONS = NO;
				ENABLE_STRICT_OBJC_MSGSEND = YES;
				GCC_C_LANGUAGE_STANDARD = gnu99;
				GCC_NO_COMMON_BLOCKS = YES;
				GCC_WARN_64_TO_32_BIT_CONVERSION = YES;
				GCC_WARN_ABOUT_RETURN_TYPE = YES_ERROR;
				GCC_WARN_UNDECLARED_SELECTOR = YES;
				GCC_WARN_UNINITIALIZED_AUTOS = YES_AGGRESSIVE;
				GCC_WARN_UNUSED_FUNCTION = YES;
				GCC_WARN_UNUSED_VARIABLE = YES;
				IPHONEOS_DEPLOYMENT_TARGET = 9.3;
				MTL_ENABLE_DEBUG_INFO = NO;
				SDKROOT = iphoneos;
				SWIFT_OPTIMIZATION_LEVEL = "-Owholemodule";
				VALIDATE_PRODUCT = YES;
			};
			name = Release;
		};
		F75DCDA81CD8F10D00B8941F /* Debug */ = {
			isa = XCBuildConfiguration;
			baseConfigurationReference = EF04C46E7D6721B042214695 /* Pods-iOSBlanky.debug.xcconfig */;
			buildSettings = {
				ALWAYS_EMBED_SWIFT_STANDARD_LIBRARIES = YES;
				ASSETCATALOG_COMPILER_APPICON_NAME = AppIcon;
				BUNDLE_ID_SUFFIX = .dev;
				DEVELOPMENT_TEAM = 552H65R858;
				FRAMEWORK_SEARCH_PATHS = (
					"$(inherited)",
					"$(PROJECT_DIR)/build/Debug-iphoneos/iOSBoilerplate",
					"$(PROJECT_DIR)/build/Debug-iphoneos/iOSViews",
				);
				INFOPLIST_FILE = iOSBlanky/Info.plist;
				LD_RUNPATH_SEARCH_PATHS = "$(inherited) @executable_path/Frameworks";
				PRODUCT_BUNDLE_IDENTIFIER = com.curiosityio.iOSBlanky;
				PRODUCT_NAME = Debug;
				SWIFT_VERSION = 3.0;
			};
			name = Debug;
		};
		F75DCDA91CD8F10D00B8941F /* Release */ = {
			isa = XCBuildConfiguration;
			baseConfigurationReference = 1D3467C2DB09A6AC15A5089C /* Pods-iOSBlanky.release.xcconfig */;
			buildSettings = {
				ALWAYS_EMBED_SWIFT_STANDARD_LIBRARIES = YES;
				ASSETCATALOG_COMPILER_APPICON_NAME = AppIcon;
				BUNDLE_ID_SUFFIX = "";
				DEVELOPMENT_TEAM = 552H65R858;
				FRAMEWORK_SEARCH_PATHS = (
					"$(inherited)",
					"$(PROJECT_DIR)/build/Debug-iphoneos/iOSBoilerplate",
					"$(PROJECT_DIR)/build/Debug-iphoneos/iOSViews",
				);
				INFOPLIST_FILE = iOSBlanky/Info.plist;
				LD_RUNPATH_SEARCH_PATHS = "$(inherited) @executable_path/Frameworks";
				PRODUCT_BUNDLE_IDENTIFIER = com.curiosityio.iOSBlanky;
				PRODUCT_NAME = "$(TARGET_NAME)";
				SWIFT_VERSION = 3.0;
			};
			name = Release;
		};
		F75DCDAB1CD8F10D00B8941F /* Debug */ = {
			isa = XCBuildConfiguration;
			baseConfigurationReference = DF8D47C1E9C6CD4664FE3954 /* Pods-iOSBlankyTests.debug.xcconfig */;
			buildSettings = {
				BUNDLE_LOADER = "$(TEST_HOST)";
				DEVELOPMENT_TEAM = 552H65R858;
				INFOPLIST_FILE = iOSBlankyTests/Info.plist;
				LD_RUNPATH_SEARCH_PATHS = "$(inherited) @executable_path/Frameworks @loader_path/Frameworks";
				PRODUCT_BUNDLE_IDENTIFIER = com.curiosityio.iOSBlankyTests;
				PRODUCT_NAME = "$(TARGET_NAME)";
				SWIFT_VERSION = 3.0;
				TEST_HOST = "$(BUILT_PRODUCTS_DIR)/Debug.app/Debug";
			};
			name = Debug;
		};
		F75DCDAC1CD8F10D00B8941F /* Release */ = {
			isa = XCBuildConfiguration;
			baseConfigurationReference = 68F63AD5A3F83EB1560CE5C0 /* Pods-iOSBlankyTests.release.xcconfig */;
			buildSettings = {
				BUNDLE_LOADER = "$(TEST_HOST)";
				DEVELOPMENT_TEAM = 552H65R858;
				INFOPLIST_FILE = iOSBlankyTests/Info.plist;
				LD_RUNPATH_SEARCH_PATHS = "$(inherited) @executable_path/Frameworks @loader_path/Frameworks";
				PRODUCT_BUNDLE_IDENTIFIER = com.curiosityio.iOSBlankyTests;
				PRODUCT_NAME = "$(TARGET_NAME)";
				SWIFT_VERSION = 3.0;
				TEST_HOST = "$(BUILT_PRODUCTS_DIR)/Debug.app/Debug";
			};
			name = Release;
		};
		F75DCDAE1CD8F10D00B8941F /* Debug */ = {
			isa = XCBuildConfiguration;
			baseConfigurationReference = C01808FF09922A2FAD19531D /* Pods-iOSBlankyUITests.debug.xcconfig */;
			buildSettings = {
				DEVELOPMENT_TEAM = 552H65R858;
				INFOPLIST_FILE = iOSBlankyUITests/Info.plist;
				LD_RUNPATH_SEARCH_PATHS = "$(inherited) @executable_path/Frameworks @loader_path/Frameworks";
				PRODUCT_BUNDLE_IDENTIFIER = com.curiosityio.iOSBlankyUITests;
				PRODUCT_NAME = "$(TARGET_NAME)";
				SWIFT_VERSION = 3.0;
				TEST_TARGET_NAME = iOSBlanky;
			};
			name = Debug;
		};
		F75DCDAF1CD8F10D00B8941F /* Release */ = {
			isa = XCBuildConfiguration;
			baseConfigurationReference = DD30F876B3E69F622EC0DC8D /* Pods-iOSBlankyUITests.release.xcconfig */;
			buildSettings = {
				DEVELOPMENT_TEAM = 552H65R858;
				INFOPLIST_FILE = iOSBlankyUITests/Info.plist;
				LD_RUNPATH_SEARCH_PATHS = "$(inherited) @executable_path/Frameworks @loader_path/Frameworks";
				PRODUCT_BUNDLE_IDENTIFIER = com.curiosityio.iOSBlankyUITests;
				PRODUCT_NAME = "$(TARGET_NAME)";
				SWIFT_VERSION = 3.0;
				TEST_TARGET_NAME = iOSBlanky;
			};
			name = Release;
		};
		F774AA3F1CE2796100FFBA76 /* Beta */ = {
			isa = XCBuildConfiguration;
			buildSettings = {
				ALWAYS_SEARCH_USER_PATHS = NO;
				CLANG_ANALYZER_NONNULL = YES;
				CLANG_CXX_LANGUAGE_STANDARD = "gnu++0x";
				CLANG_CXX_LIBRARY = "libc++";
				CLANG_ENABLE_MODULES = YES;
				CLANG_ENABLE_OBJC_ARC = YES;
				CLANG_WARN_BOOL_CONVERSION = YES;
				CLANG_WARN_CONSTANT_CONVERSION = YES;
				CLANG_WARN_DIRECT_OBJC_ISA_USAGE = YES_ERROR;
				CLANG_WARN_EMPTY_BODY = YES;
				CLANG_WARN_ENUM_CONVERSION = YES;
				CLANG_WARN_INFINITE_RECURSION = YES;
				CLANG_WARN_INT_CONVERSION = YES;
				CLANG_WARN_OBJC_ROOT_CLASS = YES_ERROR;
				CLANG_WARN_SUSPICIOUS_MOVE = YES;
				CLANG_WARN_UNREACHABLE_CODE = YES;
				CLANG_WARN__DUPLICATE_METHOD_MATCH = YES;
				"CODE_SIGN_IDENTITY[sdk=iphoneos*]" = "iPhone Developer";
				COPY_PHASE_STRIP = NO;
				DEBUG_INFORMATION_FORMAT = "dwarf-with-dsym";
				ENABLE_NS_ASSERTIONS = NO;
				ENABLE_STRICT_OBJC_MSGSEND = YES;
				GCC_C_LANGUAGE_STANDARD = gnu99;
				GCC_NO_COMMON_BLOCKS = YES;
				GCC_WARN_64_TO_32_BIT_CONVERSION = YES;
				GCC_WARN_ABOUT_RETURN_TYPE = YES_ERROR;
				GCC_WARN_UNDECLARED_SELECTOR = YES;
				GCC_WARN_UNINITIALIZED_AUTOS = YES_AGGRESSIVE;
				GCC_WARN_UNUSED_FUNCTION = YES;
				GCC_WARN_UNUSED_VARIABLE = YES;
				IPHONEOS_DEPLOYMENT_TARGET = 9.3;
				MTL_ENABLE_DEBUG_INFO = NO;
				SDKROOT = iphoneos;
				VALIDATE_PRODUCT = YES;
			};
			name = Beta;
		};
		F774AA401CE2796100FFBA76 /* Beta */ = {
			isa = XCBuildConfiguration;
			baseConfigurationReference = 0F33F851F71D21025F5CEFB0 /* Pods-iOSBlanky.beta.xcconfig */;
			buildSettings = {
				ALWAYS_EMBED_SWIFT_STANDARD_LIBRARIES = YES;
				ASSETCATALOG_COMPILER_APPICON_NAME = AppIcon;
				BUNDLE_ID_SUFFIX = .beta;
				DEVELOPMENT_TEAM = 552H65R858;
				FRAMEWORK_SEARCH_PATHS = (
					"$(inherited)",
					"$(PROJECT_DIR)/build/Debug-iphoneos/iOSBoilerplate",
					"$(PROJECT_DIR)/build/Debug-iphoneos/iOSViews",
				);
				INFOPLIST_FILE = iOSBlanky/Info.plist;
				LD_RUNPATH_SEARCH_PATHS = "$(inherited) @executable_path/Frameworks";
				PRODUCT_BUNDLE_IDENTIFIER = com.curiosityio.iOSBlanky;
				PRODUCT_NAME = Beta;
				SWIFT_VERSION = 3.0;
			};
			name = Beta;
		};
		F774AA411CE2796100FFBA76 /* Beta */ = {
			isa = XCBuildConfiguration;
			baseConfigurationReference = D33639E855A21D931067F6E5 /* Pods-iOSBlankyTests.beta.xcconfig */;
			buildSettings = {
				BUNDLE_LOADER = "$(TEST_HOST)";
				DEVELOPMENT_TEAM = 552H65R858;
				INFOPLIST_FILE = iOSBlankyTests/Info.plist;
				LD_RUNPATH_SEARCH_PATHS = "$(inherited) @executable_path/Frameworks @loader_path/Frameworks";
				PRODUCT_BUNDLE_IDENTIFIER = com.curiosityio.iOSBlankyTests;
				PRODUCT_NAME = "$(TARGET_NAME)";
				SWIFT_VERSION = 3.0;
				TEST_HOST = "$(BUILT_PRODUCTS_DIR)/Debug.app/Debug";
			};
			name = Beta;
		};
		F774AA421CE2796100FFBA76 /* Beta */ = {
			isa = XCBuildConfiguration;
			baseConfigurationReference = 6CF1F86F77007F2457F5CB27 /* Pods-iOSBlankyUITests.beta.xcconfig */;
			buildSettings = {
				DEVELOPMENT_TEAM = 552H65R858;
				INFOPLIST_FILE = iOSBlankyUITests/Info.plist;
				LD_RUNPATH_SEARCH_PATHS = "$(inherited) @executable_path/Frameworks @loader_path/Frameworks";
				PRODUCT_BUNDLE_IDENTIFIER = com.curiosityio.iOSBlankyUITests;
				PRODUCT_NAME = "$(TARGET_NAME)";
				SWIFT_VERSION = 3.0;
				TEST_TARGET_NAME = iOSBlanky;
			};
			name = Beta;
		};
/* End XCBuildConfiguration section */

/* Begin XCConfigurationList section */
		F75DCD7A1CD8F10D00B8941F /* Build configuration list for PBXProject "iOSBlanky" */ = {
			isa = XCConfigurationList;
			buildConfigurations = (
				F75DCDA51CD8F10D00B8941F /* Debug */,
				F75DCDA61CD8F10D00B8941F /* Release */,
				F774AA3F1CE2796100FFBA76 /* Beta */,
			);
			defaultConfigurationIsVisible = 0;
			defaultConfigurationName = Release;
		};
		F75DCDA71CD8F10D00B8941F /* Build configuration list for PBXNativeTarget "iOSBlanky" */ = {
			isa = XCConfigurationList;
			buildConfigurations = (
				F75DCDA81CD8F10D00B8941F /* Debug */,
				F75DCDA91CD8F10D00B8941F /* Release */,
				F774AA401CE2796100FFBA76 /* Beta */,
			);
			defaultConfigurationIsVisible = 0;
			defaultConfigurationName = Release;
		};
		F75DCDAA1CD8F10D00B8941F /* Build configuration list for PBXNativeTarget "iOSBlankyTests" */ = {
			isa = XCConfigurationList;
			buildConfigurations = (
				F75DCDAB1CD8F10D00B8941F /* Debug */,
				F75DCDAC1CD8F10D00B8941F /* Release */,
				F774AA411CE2796100FFBA76 /* Beta */,
			);
			defaultConfigurationIsVisible = 0;
			defaultConfigurationName = Release;
		};
		F75DCDAD1CD8F10D00B8941F /* Build configuration list for PBXNativeTarget "iOSBlankyUITests" */ = {
			isa = XCConfigurationList;
			buildConfigurations = (
				F75DCDAE1CD8F10D00B8941F /* Debug */,
				F75DCDAF1CD8F10D00B8941F /* Release */,
				F774AA421CE2796100FFBA76 /* Beta */,
			);
			defaultConfigurationIsVisible = 0;
			defaultConfigurationName = Release;
		};
/* End XCConfigurationList section */
	};
	rootObject = F75DCD771CD8F10D00B8941F /* Project object */;
}
